// !$*UTF8*$!
{
	archiveVersion = 1;
	classes = {
	};
	objectVersion = 48;
	objects = {

/* Begin PBXBuildFile section */
		48073B2E1FFE6814001A1C7D /* Matcher.swift in Sources */ = {isa = PBXBuildFile; fileRef = 48073B2D1FFE6814001A1C7D /* Matcher.swift */; };
		4814CAB21FFE83B200FF1987 /* Graph.swift in Sources */ = {isa = PBXBuildFile; fileRef = 4814CAB11FFE83B200FF1987 /* Graph.swift */; };
		4814CAB41FFE874D00FF1987 /* TransitionEnum.swift in Sources */ = {isa = PBXBuildFile; fileRef = 4814CAB31FFE874D00FF1987 /* TransitionEnum.swift */; };
		4814CAB61FFE879000FF1987 /* NavigationTransition.swift in Sources */ = {isa = PBXBuildFile; fileRef = 4814CAB51FFE879000FF1987 /* NavigationTransition.swift */; };
		481B02D01FFFB6F8005E9C96 /* RouteGraphTestTests.swift in Sources */ = {isa = PBXBuildFile; fileRef = 481B02CF1FFFB6F8005E9C96 /* RouteGraphTestTests.swift */; };
		481B02D31FFFC5A2005E9C96 /* Presenter.swift in Sources */ = {isa = PBXBuildFile; fileRef = 481B02D21FFFC5A2005E9C96 /* Presenter.swift */; };
		4823FE65200772F20031D357 /* RegistrationFSViewController.swift in Sources */ = {isa = PBXBuildFile; fileRef = 4823FE64200772F20031D357 /* RegistrationFSViewController.swift */; };
		4823FE67200773000031D357 /* RegistrationSSViewController.swift in Sources */ = {isa = PBXBuildFile; fileRef = 4823FE66200773000031D357 /* RegistrationSSViewController.swift */; };
		4823FE692007730A0031D357 /* RegistrationTSViewController.swift in Sources */ = {isa = PBXBuildFile; fileRef = 4823FE682007730A0031D357 /* RegistrationTSViewController.swift */; };
		4823FE6B200773270031D357 /* RegistrationNavigation.swift in Sources */ = {isa = PBXBuildFile; fileRef = 4823FE6A200773270031D357 /* RegistrationNavigation.swift */; };
		4823FE6D200774E10031D357 /* SwitchViewController.swift in Sources */ = {isa = PBXBuildFile; fileRef = 4823FE6C200774E10031D357 /* SwitchViewController.swift */; };
		4823FE70200775F80031D357 /* SwitchModulePresenter.swift in Sources */ = {isa = PBXBuildFile; fileRef = 4823FE6F200775F80031D357 /* SwitchModulePresenter.swift */; };
		4823FE73200776D10031D357 /* RegistrationModulePresenter.swift in Sources */ = {isa = PBXBuildFile; fileRef = 4823FE72200776D10031D357 /* RegistrationModulePresenter.swift */; };
		4823FE752007779F0031D357 /* RegistrationStepsPresenter.swift in Sources */ = {isa = PBXBuildFile; fileRef = 4823FE742007779F0031D357 /* RegistrationStepsPresenter.swift */; };
		4823FE772007795B0031D357 /* MainModuleInteractor.swift in Sources */ = {isa = PBXBuildFile; fileRef = 4823FE762007795B0031D357 /* MainModuleInteractor.swift */; };
		4823FE7C20077A180031D357 /* RegistrationModuleModel.swift in Sources */ = {isa = PBXBuildFile; fileRef = 4823FE7B20077A180031D357 /* RegistrationModuleModel.swift */; };
		4823FE7F20077A630031D357 /* RegistrationModuleInteractor.swift in Sources */ = {isa = PBXBuildFile; fileRef = 4823FE7E20077A630031D357 /* RegistrationModuleInteractor.swift */; };
		4823FE8120077AE30031D357 /* AuthorizationViewController.swift in Sources */ = {isa = PBXBuildFile; fileRef = 4823FE8020077AE30031D357 /* AuthorizationViewController.swift */; };
		4823FE8420077B8C0031D357 /* AuthorizationModuleInteractor.swift in Sources */ = {isa = PBXBuildFile; fileRef = 4823FE8320077B8C0031D357 /* AuthorizationModuleInteractor.swift */; };
		4823FE8720077C550031D357 /* AuthorizationModulePresenter.swift in Sources */ = {isa = PBXBuildFile; fileRef = 4823FE8620077C550031D357 /* AuthorizationModulePresenter.swift */; };
		48256658200609DA00C4CCF8 /* DeepLinkHandler.swift in Sources */ = {isa = PBXBuildFile; fileRef = 48256657200609DA00C4CCF8 /* DeepLinkHandler.swift */; };
		4825665A20060AF700C4CCF8 /* DeepLinkHandlerTests.swift in Sources */ = {isa = PBXBuildFile; fileRef = 4825665920060AF700C4CCF8 /* DeepLinkHandlerTests.swift */; };
		482566612006268E00C4CCF8 /* DetailNavigationVC.swift in Sources */ = {isa = PBXBuildFile; fileRef = 482566602006268E00C4CCF8 /* DetailNavigationVC.swift */; };
		482566632006276700C4CCF8 /* DataNavigationVC.swift in Sources */ = {isa = PBXBuildFile; fileRef = 482566622006276700C4CCF8 /* DataNavigationVC.swift */; };
		4825666520062A1D00C4CCF8 /* SplitVCContainer.swift in Sources */ = {isa = PBXBuildFile; fileRef = 4825666420062A1D00C4CCF8 /* SplitVCContainer.swift */; };
		4828B3832004CD2A002EF96B /* RouterLinkParserTests.swift in Sources */ = {isa = PBXBuildFile; fileRef = 4828B3822004CD2A002EF96B /* RouterLinkParserTests.swift */; };
		48523C951FFE477D00E9E6D7 /* AppDelegate.swift in Sources */ = {isa = PBXBuildFile; fileRef = 48523C941FFE477D00E9E6D7 /* AppDelegate.swift */; };
		48523C9A1FFE477D00E9E6D7 /* Main.storyboard in Resources */ = {isa = PBXBuildFile; fileRef = 48523C981FFE477D00E9E6D7 /* Main.storyboard */; };
		48523C9C1FFE477D00E9E6D7 /* Assets.xcassets in Resources */ = {isa = PBXBuildFile; fileRef = 48523C9B1FFE477D00E9E6D7 /* Assets.xcassets */; };
		48523C9F1FFE477D00E9E6D7 /* LaunchScreen.storyboard in Resources */ = {isa = PBXBuildFile; fileRef = 48523C9D1FFE477D00E9E6D7 /* LaunchScreen.storyboard */; };
		48523CAA1FFE477E00E9E6D7 /* DeepLinkTestTests.swift in Sources */ = {isa = PBXBuildFile; fileRef = 48523CA91FFE477E00E9E6D7 /* DeepLinkTestTests.swift */; };
		48523CB51FFE477E00E9E6D7 /* DeepLinkTestUITests.swift in Sources */ = {isa = PBXBuildFile; fileRef = 48523CB41FFE477E00E9E6D7 /* DeepLinkTestUITests.swift */; };
		485443E32007497400E9C553 /* PresenterModuleRepository.swift in Sources */ = {isa = PBXBuildFile; fileRef = 485443E22007497400E9C553 /* PresenterModuleRepository.swift */; };
		485443E52007566100E9C553 /* RouterMatcherModulesTests.swift in Sources */ = {isa = PBXBuildFile; fileRef = 485443E42007566100E9C553 /* RouterMatcherModulesTests.swift */; };
		48553E1F2000E79600DEEA9A /* DataViewController.swift in Sources */ = {isa = PBXBuildFile; fileRef = 48553E1E2000E79600DEEA9A /* DataViewController.swift */; };
		48556AE82004A8FB0053AED0 /* MatcherResponse.swift in Sources */ = {isa = PBXBuildFile; fileRef = 48556AE72004A8FB0053AED0 /* MatcherResponse.swift */; };
		48556AEA2004AAE60053AED0 /* ViewPresenterProtocol.swift in Sources */ = {isa = PBXBuildFile; fileRef = 48556AE92004AAE60053AED0 /* ViewPresenterProtocol.swift */; };
		48556AEC2004AB280053AED0 /* StoryboardViewPresenter.swift in Sources */ = {isa = PBXBuildFile; fileRef = 48556AEB2004AB280053AED0 /* StoryboardViewPresenter.swift */; };
		488464CD20035DB100F19A42 /* ContainerViewController.swift in Sources */ = {isa = PBXBuildFile; fileRef = 488464CC20035DB100F19A42 /* ContainerViewController.swift */; };
		488464CF20035DC100F19A42 /* NavigationViewController.swift in Sources */ = {isa = PBXBuildFile; fileRef = 488464CE20035DC100F19A42 /* NavigationViewController.swift */; };
		488464D520035E1600F19A42 /* RouterModule.swift in Sources */ = {isa = PBXBuildFile; fileRef = 488464D420035E1600F19A42 /* RouterModule.swift */; };
		488464DA2003640200F19A42 /* RouterPath.swift in Sources */ = {isa = PBXBuildFile; fileRef = 488464D92003640200F19A42 /* RouterPath.swift */; };
		488464DC200364B300F19A42 /* MainRouter.swift in Sources */ = {isa = PBXBuildFile; fileRef = 488464DB200364B300F19A42 /* MainRouter.swift */; };
		488464DF2003B93D00F19A42 /* DataTableViewController.swift in Sources */ = {isa = PBXBuildFile; fileRef = 488464DE2003B93D00F19A42 /* DataTableViewController.swift */; };
		488464E12003BAD400F19A42 /* MainModuleModel.swift in Sources */ = {isa = PBXBuildFile; fileRef = 488464E02003BAD400F19A42 /* MainModuleModel.swift */; };
		488464E72003BB8400F19A42 /* MainModulePresenter.swift in Sources */ = {isa = PBXBuildFile; fileRef = 488464E62003BB8400F19A42 /* MainModulePresenter.swift */; };
		488464EA2003BC6700F19A42 /* RouterSenderProtocol.swift in Sources */ = {isa = PBXBuildFile; fileRef = 488464E92003BC6700F19A42 /* RouterSenderProtocol.swift */; };
		488464EC2003BD5C00F19A42 /* DataTableViewCell.swift in Sources */ = {isa = PBXBuildFile; fileRef = 488464EB2003BD5C00F19A42 /* DataTableViewCell.swift */; };
		488464EE2003CDF100F19A42 /* RouterMatcherLinkTest.swift in Sources */ = {isa = PBXBuildFile; fileRef = 488464ED2003CDF100F19A42 /* RouterMatcherLinkTest.swift */; };
		488464F02003D26000F19A42 /* DetailViewController.swift in Sources */ = {isa = PBXBuildFile; fileRef = 488464EF2003D26000F19A42 /* DetailViewController.swift */; };
		488464F22003E08000F19A42 /* AnotherTestModulePresenter.swift in Sources */ = {isa = PBXBuildFile; fileRef = 488464F12003E08000F19A42 /* AnotherTestModulePresenter.swift */; };
		488464F42003E0C900F19A42 /* FirstDetailVC.swift in Sources */ = {isa = PBXBuildFile; fileRef = 488464F32003E0C900F19A42 /* FirstDetailVC.swift */; };
		488464F82003E13F00F19A42 /* SecondDetailVC.swift in Sources */ = {isa = PBXBuildFile; fileRef = 488464F72003E13F00F19A42 /* SecondDetailVC.swift */; };
		489B472E2004AFC400650F10 /* ViewProtocols.swift in Sources */ = {isa = PBXBuildFile; fileRef = 489B472D2004AFC400650F10 /* ViewProtocols.swift */; };
		48A72E261FFF721D00D98A10 /* RouteNode.swift in Sources */ = {isa = PBXBuildFile; fileRef = 48A72E251FFF721D00D98A10 /* RouteNode.swift */; };
		48A72E281FFF736500D98A10 /* RouteTransitionEdge.swift in Sources */ = {isa = PBXBuildFile; fileRef = 48A72E271FFF736500D98A10 /* RouteTransitionEdge.swift */; };
		48A72E2A1FFF73BB00D98A10 /* RouteGraph.swift in Sources */ = {isa = PBXBuildFile; fileRef = 48A72E291FFF73BB00D98A10 /* RouteGraph.swift */; };
/* End PBXBuildFile section */

/* Begin PBXContainerItemProxy section */
		48523CA61FFE477E00E9E6D7 /* PBXContainerItemProxy */ = {
			isa = PBXContainerItemProxy;
			containerPortal = 48523C891FFE477D00E9E6D7 /* Project object */;
			proxyType = 1;
			remoteGlobalIDString = 48523C901FFE477D00E9E6D7;
			remoteInfo = DeepLinkTest;
		};
		48523CB11FFE477E00E9E6D7 /* PBXContainerItemProxy */ = {
			isa = PBXContainerItemProxy;
			containerPortal = 48523C891FFE477D00E9E6D7 /* Project object */;
			proxyType = 1;
			remoteGlobalIDString = 48523C901FFE477D00E9E6D7;
			remoteInfo = DeepLinkTest;
		};
/* End PBXContainerItemProxy section */

/* Begin PBXFileReference section */
		48073B2D1FFE6814001A1C7D /* Matcher.swift */ = {isa = PBXFileReference; lastKnownFileType = sourcecode.swift; path = Matcher.swift; sourceTree = "<group>"; };
		4814CAB11FFE83B200FF1987 /* Graph.swift */ = {isa = PBXFileReference; lastKnownFileType = sourcecode.swift; path = Graph.swift; sourceTree = "<group>"; };
		4814CAB31FFE874D00FF1987 /* TransitionEnum.swift */ = {isa = PBXFileReference; lastKnownFileType = sourcecode.swift; path = TransitionEnum.swift; sourceTree = "<group>"; };
		4814CAB51FFE879000FF1987 /* NavigationTransition.swift */ = {isa = PBXFileReference; lastKnownFileType = sourcecode.swift; path = NavigationTransition.swift; sourceTree = "<group>"; };
		481B02CF1FFFB6F8005E9C96 /* RouteGraphTestTests.swift */ = {isa = PBXFileReference; lastKnownFileType = sourcecode.swift; path = RouteGraphTestTests.swift; sourceTree = "<group>"; };
		481B02D21FFFC5A2005E9C96 /* Presenter.swift */ = {isa = PBXFileReference; lastKnownFileType = sourcecode.swift; path = Presenter.swift; sourceTree = "<group>"; };
		4823FE64200772F20031D357 /* RegistrationFSViewController.swift */ = {isa = PBXFileReference; lastKnownFileType = sourcecode.swift; path = RegistrationFSViewController.swift; sourceTree = "<group>"; };
		4823FE66200773000031D357 /* RegistrationSSViewController.swift */ = {isa = PBXFileReference; lastKnownFileType = sourcecode.swift; path = RegistrationSSViewController.swift; sourceTree = "<group>"; };
		4823FE682007730A0031D357 /* RegistrationTSViewController.swift */ = {isa = PBXFileReference; lastKnownFileType = sourcecode.swift; path = RegistrationTSViewController.swift; sourceTree = "<group>"; };
		4823FE6A200773270031D357 /* RegistrationNavigation.swift */ = {isa = PBXFileReference; lastKnownFileType = sourcecode.swift; path = RegistrationNavigation.swift; sourceTree = "<group>"; };
		4823FE6C200774E10031D357 /* SwitchViewController.swift */ = {isa = PBXFileReference; lastKnownFileType = sourcecode.swift; path = SwitchViewController.swift; sourceTree = "<group>"; };
		4823FE6F200775F80031D357 /* SwitchModulePresenter.swift */ = {isa = PBXFileReference; lastKnownFileType = sourcecode.swift; path = SwitchModulePresenter.swift; sourceTree = "<group>"; };
		4823FE72200776D10031D357 /* RegistrationModulePresenter.swift */ = {isa = PBXFileReference; lastKnownFileType = sourcecode.swift; path = RegistrationModulePresenter.swift; sourceTree = "<group>"; };
		4823FE742007779F0031D357 /* RegistrationStepsPresenter.swift */ = {isa = PBXFileReference; lastKnownFileType = sourcecode.swift; path = RegistrationStepsPresenter.swift; sourceTree = "<group>"; };
		4823FE762007795B0031D357 /* MainModuleInteractor.swift */ = {isa = PBXFileReference; lastKnownFileType = sourcecode.swift; path = MainModuleInteractor.swift; sourceTree = "<group>"; };
		4823FE7B20077A180031D357 /* RegistrationModuleModel.swift */ = {isa = PBXFileReference; lastKnownFileType = sourcecode.swift; path = RegistrationModuleModel.swift; sourceTree = "<group>"; };
		4823FE7E20077A630031D357 /* RegistrationModuleInteractor.swift */ = {isa = PBXFileReference; lastKnownFileType = sourcecode.swift; path = RegistrationModuleInteractor.swift; sourceTree = "<group>"; };
		4823FE8020077AE30031D357 /* AuthorizationViewController.swift */ = {isa = PBXFileReference; lastKnownFileType = sourcecode.swift; path = AuthorizationViewController.swift; sourceTree = "<group>"; };
		4823FE8320077B8C0031D357 /* AuthorizationModuleInteractor.swift */ = {isa = PBXFileReference; lastKnownFileType = sourcecode.swift; path = AuthorizationModuleInteractor.swift; sourceTree = "<group>"; };
		4823FE8620077C550031D357 /* AuthorizationModulePresenter.swift */ = {isa = PBXFileReference; lastKnownFileType = sourcecode.swift; path = AuthorizationModulePresenter.swift; sourceTree = "<group>"; };
		48256657200609DA00C4CCF8 /* DeepLinkHandler.swift */ = {isa = PBXFileReference; lastKnownFileType = sourcecode.swift; path = DeepLinkHandler.swift; sourceTree = "<group>"; };
		4825665920060AF700C4CCF8 /* DeepLinkHandlerTests.swift */ = {isa = PBXFileReference; lastKnownFileType = sourcecode.swift; path = DeepLinkHandlerTests.swift; sourceTree = "<group>"; };
		482566602006268E00C4CCF8 /* DetailNavigationVC.swift */ = {isa = PBXFileReference; lastKnownFileType = sourcecode.swift; path = DetailNavigationVC.swift; sourceTree = "<group>"; };
		482566622006276700C4CCF8 /* DataNavigationVC.swift */ = {isa = PBXFileReference; lastKnownFileType = sourcecode.swift; path = DataNavigationVC.swift; sourceTree = "<group>"; };
		4825666420062A1D00C4CCF8 /* SplitVCContainer.swift */ = {isa = PBXFileReference; lastKnownFileType = sourcecode.swift; path = SplitVCContainer.swift; sourceTree = "<group>"; };
		4828B3822004CD2A002EF96B /* RouterLinkParserTests.swift */ = {isa = PBXFileReference; lastKnownFileType = sourcecode.swift; path = RouterLinkParserTests.swift; sourceTree = "<group>"; };
		48523C911FFE477D00E9E6D7 /* DeepLinkTest.app */ = {isa = PBXFileReference; explicitFileType = wrapper.application; includeInIndex = 0; path = DeepLinkTest.app; sourceTree = BUILT_PRODUCTS_DIR; };
		48523C941FFE477D00E9E6D7 /* AppDelegate.swift */ = {isa = PBXFileReference; lastKnownFileType = sourcecode.swift; path = AppDelegate.swift; sourceTree = "<group>"; };
		48523C991FFE477D00E9E6D7 /* Base */ = {isa = PBXFileReference; lastKnownFileType = file.storyboard; name = Base; path = Base.lproj/Main.storyboard; sourceTree = "<group>"; };
		48523C9B1FFE477D00E9E6D7 /* Assets.xcassets */ = {isa = PBXFileReference; lastKnownFileType = folder.assetcatalog; path = Assets.xcassets; sourceTree = "<group>"; };
		48523C9E1FFE477D00E9E6D7 /* Base */ = {isa = PBXFileReference; lastKnownFileType = file.storyboard; name = Base; path = Base.lproj/LaunchScreen.storyboard; sourceTree = "<group>"; };
		48523CA01FFE477D00E9E6D7 /* Info.plist */ = {isa = PBXFileReference; lastKnownFileType = text.plist.xml; path = Info.plist; sourceTree = "<group>"; };
		48523CA51FFE477E00E9E6D7 /* DeepLinkTestTests.xctest */ = {isa = PBXFileReference; explicitFileType = wrapper.cfbundle; includeInIndex = 0; path = DeepLinkTestTests.xctest; sourceTree = BUILT_PRODUCTS_DIR; };
		48523CA91FFE477E00E9E6D7 /* DeepLinkTestTests.swift */ = {isa = PBXFileReference; lastKnownFileType = sourcecode.swift; path = DeepLinkTestTests.swift; sourceTree = "<group>"; };
		48523CAB1FFE477E00E9E6D7 /* Info.plist */ = {isa = PBXFileReference; lastKnownFileType = text.plist.xml; path = Info.plist; sourceTree = "<group>"; };
		48523CB01FFE477E00E9E6D7 /* DeepLinkTestUITests.xctest */ = {isa = PBXFileReference; explicitFileType = wrapper.cfbundle; includeInIndex = 0; path = DeepLinkTestUITests.xctest; sourceTree = BUILT_PRODUCTS_DIR; };
		48523CB41FFE477E00E9E6D7 /* DeepLinkTestUITests.swift */ = {isa = PBXFileReference; lastKnownFileType = sourcecode.swift; path = DeepLinkTestUITests.swift; sourceTree = "<group>"; };
		48523CB61FFE477E00E9E6D7 /* Info.plist */ = {isa = PBXFileReference; lastKnownFileType = text.plist.xml; path = Info.plist; sourceTree = "<group>"; };
		485443E22007497400E9C553 /* PresenterModuleRepository.swift */ = {isa = PBXFileReference; lastKnownFileType = sourcecode.swift; path = PresenterModuleRepository.swift; sourceTree = "<group>"; };
		485443E42007566100E9C553 /* RouterMatcherModulesTests.swift */ = {isa = PBXFileReference; lastKnownFileType = sourcecode.swift; path = RouterMatcherModulesTests.swift; sourceTree = "<group>"; };
		48553E1E2000E79600DEEA9A /* DataViewController.swift */ = {isa = PBXFileReference; lastKnownFileType = sourcecode.swift; path = DataViewController.swift; sourceTree = "<group>"; };
		48556AE72004A8FB0053AED0 /* MatcherResponse.swift */ = {isa = PBXFileReference; lastKnownFileType = sourcecode.swift; path = MatcherResponse.swift; sourceTree = "<group>"; };
		48556AE92004AAE60053AED0 /* ViewPresenterProtocol.swift */ = {isa = PBXFileReference; lastKnownFileType = sourcecode.swift; path = ViewPresenterProtocol.swift; sourceTree = "<group>"; };
		48556AEB2004AB280053AED0 /* StoryboardViewPresenter.swift */ = {isa = PBXFileReference; lastKnownFileType = sourcecode.swift; path = StoryboardViewPresenter.swift; sourceTree = "<group>"; };
		488464CC20035DB100F19A42 /* ContainerViewController.swift */ = {isa = PBXFileReference; lastKnownFileType = sourcecode.swift; path = ContainerViewController.swift; sourceTree = "<group>"; };
		488464CE20035DC100F19A42 /* NavigationViewController.swift */ = {isa = PBXFileReference; lastKnownFileType = sourcecode.swift; path = NavigationViewController.swift; sourceTree = "<group>"; };
		488464D420035E1600F19A42 /* RouterModule.swift */ = {isa = PBXFileReference; lastKnownFileType = sourcecode.swift; path = RouterModule.swift; sourceTree = "<group>"; };
		488464D92003640200F19A42 /* RouterPath.swift */ = {isa = PBXFileReference; lastKnownFileType = sourcecode.swift; path = RouterPath.swift; sourceTree = "<group>"; };
		488464DB200364B300F19A42 /* MainRouter.swift */ = {isa = PBXFileReference; lastKnownFileType = sourcecode.swift; path = MainRouter.swift; sourceTree = "<group>"; };
		488464DE2003B93D00F19A42 /* DataTableViewController.swift */ = {isa = PBXFileReference; lastKnownFileType = sourcecode.swift; path = DataTableViewController.swift; sourceTree = "<group>"; };
		488464E02003BAD400F19A42 /* MainModuleModel.swift */ = {isa = PBXFileReference; lastKnownFileType = sourcecode.swift; path = MainModuleModel.swift; sourceTree = "<group>"; };
		488464E62003BB8400F19A42 /* MainModulePresenter.swift */ = {isa = PBXFileReference; lastKnownFileType = sourcecode.swift; path = MainModulePresenter.swift; sourceTree = "<group>"; };
		488464E92003BC6700F19A42 /* RouterSenderProtocol.swift */ = {isa = PBXFileReference; lastKnownFileType = sourcecode.swift; path = RouterSenderProtocol.swift; sourceTree = "<group>"; };
		488464EB2003BD5C00F19A42 /* DataTableViewCell.swift */ = {isa = PBXFileReference; lastKnownFileType = sourcecode.swift; path = DataTableViewCell.swift; sourceTree = "<group>"; };
		488464ED2003CDF100F19A42 /* RouterMatcherLinkTest.swift */ = {isa = PBXFileReference; lastKnownFileType = sourcecode.swift; path = RouterMatcherLinkTest.swift; sourceTree = "<group>"; };
		488464EF2003D26000F19A42 /* DetailViewController.swift */ = {isa = PBXFileReference; lastKnownFileType = sourcecode.swift; path = DetailViewController.swift; sourceTree = "<group>"; };
		488464F12003E08000F19A42 /* AnotherTestModulePresenter.swift */ = {isa = PBXFileReference; lastKnownFileType = sourcecode.swift; path = AnotherTestModulePresenter.swift; sourceTree = "<group>"; };
		488464F32003E0C900F19A42 /* FirstDetailVC.swift */ = {isa = PBXFileReference; lastKnownFileType = sourcecode.swift; path = FirstDetailVC.swift; sourceTree = "<group>"; };
		488464F72003E13F00F19A42 /* SecondDetailVC.swift */ = {isa = PBXFileReference; lastKnownFileType = sourcecode.swift; path = SecondDetailVC.swift; sourceTree = "<group>"; };
		489B472D2004AFC400650F10 /* ViewProtocols.swift */ = {isa = PBXFileReference; lastKnownFileType = sourcecode.swift; path = ViewProtocols.swift; sourceTree = "<group>"; };
		48A72E251FFF721D00D98A10 /* RouteNode.swift */ = {isa = PBXFileReference; lastKnownFileType = sourcecode.swift; path = RouteNode.swift; sourceTree = "<group>"; };
		48A72E271FFF736500D98A10 /* RouteTransitionEdge.swift */ = {isa = PBXFileReference; lastKnownFileType = sourcecode.swift; path = RouteTransitionEdge.swift; sourceTree = "<group>"; };
		48A72E291FFF73BB00D98A10 /* RouteGraph.swift */ = {isa = PBXFileReference; lastKnownFileType = sourcecode.swift; path = RouteGraph.swift; sourceTree = "<group>"; };
/* End PBXFileReference section */

/* Begin PBXFrameworksBuildPhase section */
		48523C8E1FFE477D00E9E6D7 /* Frameworks */ = {
			isa = PBXFrameworksBuildPhase;
			buildActionMask = 2147483647;
			files = (
			);
			runOnlyForDeploymentPostprocessing = 0;
		};
		48523CA21FFE477E00E9E6D7 /* Frameworks */ = {
			isa = PBXFrameworksBuildPhase;
			buildActionMask = 2147483647;
			files = (
			);
			runOnlyForDeploymentPostprocessing = 0;
		};
		48523CAD1FFE477E00E9E6D7 /* Frameworks */ = {
			isa = PBXFrameworksBuildPhase;
			buildActionMask = 2147483647;
			files = (
			);
			runOnlyForDeploymentPostprocessing = 0;
		};
/* End PBXFrameworksBuildPhase section */

/* Begin PBXGroup section */
		48073B2C1FFE67FC001A1C7D /* Router */ = {
			isa = PBXGroup;
			children = (
				48256656200609D000C4CCF8 /* DeepLinkHandler */,
				488464E82003BC5900F19A42 /* RouterSenderProtocol */,
				488464D7200362EA00F19A42 /* Matcher */,
				488464D320035E0D00F19A42 /* RouterModules */,
				488464D020035DCE00F19A42 /* RouterGraph */,
				4814CAB11FFE83B200FF1987 /* Graph.swift */,
				488464DB200364B300F19A42 /* MainRouter.swift */,
			);
			path = Router;
			sourceTree = "<group>";
		};
		481B02D11FFFC59A005E9C96 /* Presenter */ = {
			isa = PBXGroup;
			children = (
				485443E12007495C00E9C553 /* PresenterModulesRepository */,
				488464DD2003696300F19A42 /* ModulePresenters */,
				488464D620035F2500F19A42 /* ViewPresenter */,
				48553E202000E84900DEEA9A /* AbstractViewController */,
				481B02D21FFFC5A2005E9C96 /* Presenter.swift */,
			);
			path = Presenter;
			sourceTree = "<group>";
		};
		481B02D41FFFD6A3005E9C96 /* View */ = {
			isa = PBXGroup;
			children = (
				4823FE62200772CE0031D357 /* SwitchModule */,
				4823FE61200772C40031D357 /* DefaultViews */,
				4823FE60200772BE0031D357 /* RegistrationModule */,
				4823FE5F200772B70031D357 /* AuthorizationModule */,
				488464F62003E12C00F19A42 /* SecondTest */,
				488464F52003E0D800F19A42 /* MainModule */,
			);
			name = View;
			path = "New Group";
			sourceTree = "<group>";
		};
		4823FE5F200772B70031D357 /* AuthorizationModule */ = {
			isa = PBXGroup;
			children = (
				4823FE8020077AE30031D357 /* AuthorizationViewController.swift */,
			);
			path = AuthorizationModule;
			sourceTree = "<group>";
		};
		4823FE60200772BE0031D357 /* RegistrationModule */ = {
			isa = PBXGroup;
			children = (
				4823FE64200772F20031D357 /* RegistrationFSViewController.swift */,
				4823FE66200773000031D357 /* RegistrationSSViewController.swift */,
				4823FE682007730A0031D357 /* RegistrationTSViewController.swift */,
				4823FE6A200773270031D357 /* RegistrationNavigation.swift */,
			);
			path = RegistrationModule;
			sourceTree = "<group>";
		};
		4823FE61200772C40031D357 /* DefaultViews */ = {
			isa = PBXGroup;
			children = (
			);
			path = DefaultViews;
			sourceTree = "<group>";
		};
		4823FE62200772CE0031D357 /* SwitchModule */ = {
			isa = PBXGroup;
			children = (
				4823FE6C200774E10031D357 /* SwitchViewController.swift */,
			);
			path = SwitchModule;
			sourceTree = "<group>";
		};
		4823FE6E200775EB0031D357 /* SwitchModule */ = {
			isa = PBXGroup;
			children = (
				4823FE6F200775F80031D357 /* SwitchModulePresenter.swift */,
			);
			path = SwitchModule;
			sourceTree = "<group>";
		};
		4823FE71200776AD0031D357 /* RegistrationModule */ = {
			isa = PBXGroup;
			children = (
				4823FE72200776D10031D357 /* RegistrationModulePresenter.swift */,
				4823FE742007779F0031D357 /* RegistrationStepsPresenter.swift */,
			);
			path = RegistrationModule;
			sourceTree = "<group>";
		};
		4823FE782007795E0031D357 /* MainModuleInteractor */ = {
			isa = PBXGroup;
			children = (
				4823FE762007795B0031D357 /* MainModuleInteractor.swift */,
			);
			path = MainModuleInteractor;
			sourceTree = "<group>";
		};
		4823FE79200779670031D357 /* MainModule */ = {
			isa = PBXGroup;
			children = (
				488464E02003BAD400F19A42 /* MainModuleModel.swift */,
			);
			path = MainModule;
			sourceTree = "<group>";
		};
		4823FE7A20077A0B0031D357 /* RegistrationModule */ = {
			isa = PBXGroup;
			children = (
				4823FE7B20077A180031D357 /* RegistrationModuleModel.swift */,
			);
			path = RegistrationModule;
			sourceTree = "<group>";
		};
		4823FE7D20077A560031D357 /* RegistrationModuleInteractor */ = {
			isa = PBXGroup;
			children = (
				4823FE7E20077A630031D357 /* RegistrationModuleInteractor.swift */,
			);
			path = RegistrationModuleInteractor;
			sourceTree = "<group>";
		};
		4823FE8220077B7B0031D357 /* AuthorizationModuleInteractor */ = {
			isa = PBXGroup;
			children = (
				4823FE8320077B8C0031D357 /* AuthorizationModuleInteractor.swift */,
			);
			path = AuthorizationModuleInteractor;
			sourceTree = "<group>";
		};
		4823FE8520077C410031D357 /* AuthorizationModule */ = {
			isa = PBXGroup;
			children = (
				4823FE8620077C550031D357 /* AuthorizationModulePresenter.swift */,
			);
			path = AuthorizationModule;
			sourceTree = "<group>";
		};
		4823FE8820077C980031D357 /* MainModule */ = {
			isa = PBXGroup;
			children = (
				488464E62003BB8400F19A42 /* MainModulePresenter.swift */,
			);
			path = MainModule;
			sourceTree = "<group>";
		};
		48256656200609D000C4CCF8 /* DeepLinkHandler */ = {
			isa = PBXGroup;
			children = (
				48256657200609DA00C4CCF8 /* DeepLinkHandler.swift */,
			);
			path = DeepLinkHandler;
			sourceTree = "<group>";
		};
		48523C881FFE477D00E9E6D7 = {
			isa = PBXGroup;
			children = (
				48523C931FFE477D00E9E6D7 /* DeepLinkTest */,
				48523CA81FFE477E00E9E6D7 /* DeepLinkTestTests */,
				48523CB31FFE477E00E9E6D7 /* DeepLinkTestUITests */,
				48523C921FFE477D00E9E6D7 /* Products */,
			);
			sourceTree = "<group>";
		};
		48523C921FFE477D00E9E6D7 /* Products */ = {
			isa = PBXGroup;
			children = (
				48523C911FFE477D00E9E6D7 /* DeepLinkTest.app */,
				48523CA51FFE477E00E9E6D7 /* DeepLinkTestTests.xctest */,
				48523CB01FFE477E00E9E6D7 /* DeepLinkTestUITests.xctest */,
			);
			name = Products;
			sourceTree = "<group>";
		};
		48523C931FFE477D00E9E6D7 /* DeepLinkTest */ = {
			isa = PBXGroup;
			children = (
				488464D220035DDB00F19A42 /* Model */,
				488464D120035DD500F19A42 /* Interactor */,
				481B02D41FFFD6A3005E9C96 /* View */,
				481B02D11FFFC59A005E9C96 /* Presenter */,
				48073B2C1FFE67FC001A1C7D /* Router */,
				48523C941FFE477D00E9E6D7 /* AppDelegate.swift */,
				48523C981FFE477D00E9E6D7 /* Main.storyboard */,
				48523C9B1FFE477D00E9E6D7 /* Assets.xcassets */,
				48523C9D1FFE477D00E9E6D7 /* LaunchScreen.storyboard */,
				48523CA01FFE477D00E9E6D7 /* Info.plist */,
			);
			path = DeepLinkTest;
			sourceTree = "<group>";
		};
		48523CA81FFE477E00E9E6D7 /* DeepLinkTestTests */ = {
			isa = PBXGroup;
			children = (
				48523CA91FFE477E00E9E6D7 /* DeepLinkTestTests.swift */,
				48523CAB1FFE477E00E9E6D7 /* Info.plist */,
				481B02CF1FFFB6F8005E9C96 /* RouteGraphTestTests.swift */,
				488464ED2003CDF100F19A42 /* RouterMatcherLinkTest.swift */,
				4828B3822004CD2A002EF96B /* RouterLinkParserTests.swift */,
				4825665920060AF700C4CCF8 /* DeepLinkHandlerTests.swift */,
				485443E42007566100E9C553 /* RouterMatcherModulesTests.swift */,
			);
			path = DeepLinkTestTests;
			sourceTree = "<group>";
		};
		48523CB31FFE477E00E9E6D7 /* DeepLinkTestUITests */ = {
			isa = PBXGroup;
			children = (
				48523CB41FFE477E00E9E6D7 /* DeepLinkTestUITests.swift */,
				48523CB61FFE477E00E9E6D7 /* Info.plist */,
			);
			path = DeepLinkTestUITests;
			sourceTree = "<group>";
		};
		485443E12007495C00E9C553 /* PresenterModulesRepository */ = {
			isa = PBXGroup;
			children = (
				485443E22007497400E9C553 /* PresenterModuleRepository.swift */,
			);
			path = PresenterModulesRepository;
			sourceTree = "<group>";
		};
		48553E202000E84900DEEA9A /* AbstractViewController */ = {
			isa = PBXGroup;
			children = (
				48553E1E2000E79600DEEA9A /* DataViewController.swift */,
				488464CC20035DB100F19A42 /* ContainerViewController.swift */,
				488464CE20035DC100F19A42 /* NavigationViewController.swift */,
			);
			path = AbstractViewController;
			sourceTree = "<group>";
		};
		488464D020035DCE00F19A42 /* RouterGraph */ = {
			isa = PBXGroup;
			children = (
				4814CAB31FFE874D00FF1987 /* TransitionEnum.swift */,
				4814CAB51FFE879000FF1987 /* NavigationTransition.swift */,
				48A72E251FFF721D00D98A10 /* RouteNode.swift */,
				48A72E271FFF736500D98A10 /* RouteTransitionEdge.swift */,
				48A72E291FFF73BB00D98A10 /* RouteGraph.swift */,
			);
			path = RouterGraph;
			sourceTree = "<group>";
		};
		488464D120035DD500F19A42 /* Interactor */ = {
			isa = PBXGroup;
			children = (
				4823FE8220077B7B0031D357 /* AuthorizationModuleInteractor */,
				4823FE7D20077A560031D357 /* RegistrationModuleInteractor */,
				4823FE782007795E0031D357 /* MainModuleInteractor */,
			);
			path = Interactor;
			sourceTree = "<group>";
		};
		488464D220035DDB00F19A42 /* Model */ = {
			isa = PBXGroup;
			children = (
				4823FE7A20077A0B0031D357 /* RegistrationModule */,
				4823FE79200779670031D357 /* MainModule */,
			);
			name = Model;
			path = "New Group1";
			sourceTree = "<group>";
		};
		488464D320035E0D00F19A42 /* RouterModules */ = {
			isa = PBXGroup;
			children = (
				488464D420035E1600F19A42 /* RouterModule.swift */,
				488464D92003640200F19A42 /* RouterPath.swift */,
			);
			path = RouterModules;
			sourceTree = "<group>";
		};
		488464D620035F2500F19A42 /* ViewPresenter */ = {
			isa = PBXGroup;
			children = (
				489B472C2004AFA400650F10 /* ViewProtocols */,
				48556AE92004AAE60053AED0 /* ViewPresenterProtocol.swift */,
				48556AEB2004AB280053AED0 /* StoryboardViewPresenter.swift */,
			);
			path = ViewPresenter;
			sourceTree = "<group>";
		};
		488464D7200362EA00F19A42 /* Matcher */ = {
			isa = PBXGroup;
			children = (
				48073B2D1FFE6814001A1C7D /* Matcher.swift */,
				48556AE72004A8FB0053AED0 /* MatcherResponse.swift */,
			);
			path = Matcher;
			sourceTree = "<group>";
		};
		488464DD2003696300F19A42 /* ModulePresenters */ = {
			isa = PBXGroup;
			children = (
				4823FE8820077C980031D357 /* MainModule */,
				4823FE8520077C410031D357 /* AuthorizationModule */,
				4823FE71200776AD0031D357 /* RegistrationModule */,
				4823FE6E200775EB0031D357 /* SwitchModule */,
				488464F12003E08000F19A42 /* AnotherTestModulePresenter.swift */,
			);
			path = ModulePresenters;
			sourceTree = "<group>";
		};
		488464E82003BC5900F19A42 /* RouterSenderProtocol */ = {
			isa = PBXGroup;
			children = (
				488464E92003BC6700F19A42 /* RouterSenderProtocol.swift */,
			);
			path = RouterSenderProtocol;
			sourceTree = "<group>";
		};
		488464F52003E0D800F19A42 /* MainModule */ = {
			isa = PBXGroup;
			children = (
				488464DE2003B93D00F19A42 /* DataTableViewController.swift */,
				488464EB2003BD5C00F19A42 /* DataTableViewCell.swift */,
				488464EF2003D26000F19A42 /* DetailViewController.swift */,
				482566602006268E00C4CCF8 /* DetailNavigationVC.swift */,
				482566622006276700C4CCF8 /* DataNavigationVC.swift */,
				4825666420062A1D00C4CCF8 /* SplitVCContainer.swift */,
			);
			path = MainModule;
			sourceTree = "<group>";
		};
		488464F62003E12C00F19A42 /* SecondTest */ = {
			isa = PBXGroup;
			children = (
				488464F32003E0C900F19A42 /* FirstDetailVC.swift */,
				488464F72003E13F00F19A42 /* SecondDetailVC.swift */,
			);
			path = SecondTest;
			sourceTree = "<group>";
		};
		489B472C2004AFA400650F10 /* ViewProtocols */ = {
			isa = PBXGroup;
			children = (
				489B472D2004AFC400650F10 /* ViewProtocols.swift */,
			);
			path = ViewProtocols;
			sourceTree = "<group>";
		};
/* End PBXGroup section */

/* Begin PBXNativeTarget section */
		48523C901FFE477D00E9E6D7 /* DeepLinkTest */ = {
			isa = PBXNativeTarget;
			buildConfigurationList = 48523CB91FFE477E00E9E6D7 /* Build configuration list for PBXNativeTarget "DeepLinkTest" */;
			buildPhases = (
				48523C8D1FFE477D00E9E6D7 /* Sources */,
				48523C8E1FFE477D00E9E6D7 /* Frameworks */,
				48523C8F1FFE477D00E9E6D7 /* Resources */,
			);
			buildRules = (
			);
			dependencies = (
			);
			name = DeepLinkTest;
			productName = DeepLinkTest;
			productReference = 48523C911FFE477D00E9E6D7 /* DeepLinkTest.app */;
			productType = "com.apple.product-type.application";
		};
		48523CA41FFE477E00E9E6D7 /* DeepLinkTestTests */ = {
			isa = PBXNativeTarget;
			buildConfigurationList = 48523CBC1FFE477E00E9E6D7 /* Build configuration list for PBXNativeTarget "DeepLinkTestTests" */;
			buildPhases = (
				48523CA11FFE477E00E9E6D7 /* Sources */,
				48523CA21FFE477E00E9E6D7 /* Frameworks */,
				48523CA31FFE477E00E9E6D7 /* Resources */,
			);
			buildRules = (
			);
			dependencies = (
				48523CA71FFE477E00E9E6D7 /* PBXTargetDependency */,
			);
			name = DeepLinkTestTests;
			productName = DeepLinkTestTests;
			productReference = 48523CA51FFE477E00E9E6D7 /* DeepLinkTestTests.xctest */;
			productType = "com.apple.product-type.bundle.unit-test";
		};
		48523CAF1FFE477E00E9E6D7 /* DeepLinkTestUITests */ = {
			isa = PBXNativeTarget;
			buildConfigurationList = 48523CBF1FFE477E00E9E6D7 /* Build configuration list for PBXNativeTarget "DeepLinkTestUITests" */;
			buildPhases = (
				48523CAC1FFE477E00E9E6D7 /* Sources */,
				48523CAD1FFE477E00E9E6D7 /* Frameworks */,
				48523CAE1FFE477E00E9E6D7 /* Resources */,
			);
			buildRules = (
			);
			dependencies = (
				48523CB21FFE477E00E9E6D7 /* PBXTargetDependency */,
			);
			name = DeepLinkTestUITests;
			productName = DeepLinkTestUITests;
			productReference = 48523CB01FFE477E00E9E6D7 /* DeepLinkTestUITests.xctest */;
			productType = "com.apple.product-type.bundle.ui-testing";
		};
/* End PBXNativeTarget section */

/* Begin PBXProject section */
		48523C891FFE477D00E9E6D7 /* Project object */ = {
			isa = PBXProject;
			attributes = {
				LastSwiftUpdateCheck = 0910;
				LastUpgradeCheck = 0910;
				ORGANIZATIONNAME = "Maksim Kita";
				TargetAttributes = {
					48523C901FFE477D00E9E6D7 = {
						CreatedOnToolsVersion = 9.1;
						ProvisioningStyle = Automatic;
					};
					48523CA41FFE477E00E9E6D7 = {
						CreatedOnToolsVersion = 9.1;
						ProvisioningStyle = Automatic;
						TestTargetID = 48523C901FFE477D00E9E6D7;
					};
					48523CAF1FFE477E00E9E6D7 = {
						CreatedOnToolsVersion = 9.1;
						ProvisioningStyle = Automatic;
						TestTargetID = 48523C901FFE477D00E9E6D7;
					};
				};
			};
			buildConfigurationList = 48523C8C1FFE477D00E9E6D7 /* Build configuration list for PBXProject "DeepLinkTest" */;
			compatibilityVersion = "Xcode 8.0";
			developmentRegion = en;
			hasScannedForEncodings = 0;
			knownRegions = (
				en,
				Base,
			);
			mainGroup = 48523C881FFE477D00E9E6D7;
			productRefGroup = 48523C921FFE477D00E9E6D7 /* Products */;
			projectDirPath = "";
			projectRoot = "";
			targets = (
				48523C901FFE477D00E9E6D7 /* DeepLinkTest */,
				48523CA41FFE477E00E9E6D7 /* DeepLinkTestTests */,
				48523CAF1FFE477E00E9E6D7 /* DeepLinkTestUITests */,
			);
		};
/* End PBXProject section */

/* Begin PBXResourcesBuildPhase section */
		48523C8F1FFE477D00E9E6D7 /* Resources */ = {
			isa = PBXResourcesBuildPhase;
			buildActionMask = 2147483647;
			files = (
				48523C9F1FFE477D00E9E6D7 /* LaunchScreen.storyboard in Resources */,
				48523C9C1FFE477D00E9E6D7 /* Assets.xcassets in Resources */,
				48523C9A1FFE477D00E9E6D7 /* Main.storyboard in Resources */,
			);
			runOnlyForDeploymentPostprocessing = 0;
		};
		48523CA31FFE477E00E9E6D7 /* Resources */ = {
			isa = PBXResourcesBuildPhase;
			buildActionMask = 2147483647;
			files = (
			);
			runOnlyForDeploymentPostprocessing = 0;
		};
		48523CAE1FFE477E00E9E6D7 /* Resources */ = {
			isa = PBXResourcesBuildPhase;
			buildActionMask = 2147483647;
			files = (
			);
			runOnlyForDeploymentPostprocessing = 0;
		};
/* End PBXResourcesBuildPhase section */

/* Begin PBXSourcesBuildPhase section */
		48523C8D1FFE477D00E9E6D7 /* Sources */ = {
			isa = PBXSourcesBuildPhase;
			buildActionMask = 2147483647;
			files = (
				482566612006268E00C4CCF8 /* DetailNavigationVC.swift in Sources */,
				48256658200609DA00C4CCF8 /* DeepLinkHandler.swift in Sources */,
				4823FE8420077B8C0031D357 /* AuthorizationModuleInteractor.swift in Sources */,
				488464F02003D26000F19A42 /* DetailViewController.swift in Sources */,
				488464CF20035DC100F19A42 /* NavigationViewController.swift in Sources */,
				488464F42003E0C900F19A42 /* FirstDetailVC.swift in Sources */,
				48556AE82004A8FB0053AED0 /* MatcherResponse.swift in Sources */,
				48A72E261FFF721D00D98A10 /* RouteNode.swift in Sources */,
				488464E12003BAD400F19A42 /* MainModuleModel.swift in Sources */,
				4823FE73200776D10031D357 /* RegistrationModulePresenter.swift in Sources */,
				485443E32007497400E9C553 /* PresenterModuleRepository.swift in Sources */,
				481B02D31FFFC5A2005E9C96 /* Presenter.swift in Sources */,
				4823FE8720077C550031D357 /* AuthorizationModulePresenter.swift in Sources */,
				488464DC200364B300F19A42 /* MainRouter.swift in Sources */,
				48553E1F2000E79600DEEA9A /* DataViewController.swift in Sources */,
				4814CAB61FFE879000FF1987 /* NavigationTransition.swift in Sources */,
				48556AEC2004AB280053AED0 /* StoryboardViewPresenter.swift in Sources */,
				48556AEA2004AAE60053AED0 /* ViewPresenterProtocol.swift in Sources */,
				488464EC2003BD5C00F19A42 /* DataTableViewCell.swift in Sources */,
				4825666520062A1D00C4CCF8 /* SplitVCContainer.swift in Sources */,
				4823FE8120077AE30031D357 /* AuthorizationViewController.swift in Sources */,
				4823FE65200772F20031D357 /* RegistrationFSViewController.swift in Sources */,
				4814CAB41FFE874D00FF1987 /* TransitionEnum.swift in Sources */,
				4823FE692007730A0031D357 /* RegistrationTSViewController.swift in Sources */,
				4823FE7C20077A180031D357 /* RegistrationModuleModel.swift in Sources */,
				4823FE6B200773270031D357 /* RegistrationNavigation.swift in Sources */,
				4823FE67200773000031D357 /* RegistrationSSViewController.swift in Sources */,
				488464CD20035DB100F19A42 /* ContainerViewController.swift in Sources */,
				4823FE7F20077A630031D357 /* RegistrationModuleInteractor.swift in Sources */,
				4823FE6D200774E10031D357 /* SwitchViewController.swift in Sources */,
				4823FE752007779F0031D357 /* RegistrationStepsPresenter.swift in Sources */,
				488464F82003E13F00F19A42 /* SecondDetailVC.swift in Sources */,
				488464EA2003BC6700F19A42 /* RouterSenderProtocol.swift in Sources */,
				482566632006276700C4CCF8 /* DataNavigationVC.swift in Sources */,
				4814CAB21FFE83B200FF1987 /* Graph.swift in Sources */,
				48523C951FFE477D00E9E6D7 /* AppDelegate.swift in Sources */,
				489B472E2004AFC400650F10 /* ViewProtocols.swift in Sources */,
				48A72E2A1FFF73BB00D98A10 /* RouteGraph.swift in Sources */,
				488464DF2003B93D00F19A42 /* DataTableViewController.swift in Sources */,
				488464E72003BB8400F19A42 /* MainModulePresenter.swift in Sources */,
				48A72E281FFF736500D98A10 /* RouteTransitionEdge.swift in Sources */,
				488464F22003E08000F19A42 /* AnotherTestModulePresenter.swift in Sources */,
				48073B2E1FFE6814001A1C7D /* Matcher.swift in Sources */,
				4823FE772007795B0031D357 /* MainModuleInteractor.swift in Sources */,
				488464D520035E1600F19A42 /* RouterModule.swift in Sources */,
				4823FE70200775F80031D357 /* SwitchModulePresenter.swift in Sources */,
				488464DA2003640200F19A42 /* RouterPath.swift in Sources */,
			);
			runOnlyForDeploymentPostprocessing = 0;
		};
		48523CA11FFE477E00E9E6D7 /* Sources */ = {
			isa = PBXSourcesBuildPhase;
			buildActionMask = 2147483647;
			files = (
				481B02D01FFFB6F8005E9C96 /* RouteGraphTestTests.swift in Sources */,
				4828B3832004CD2A002EF96B /* RouterLinkParserTests.swift in Sources */,
				48523CAA1FFE477E00E9E6D7 /* DeepLinkTestTests.swift in Sources */,
				4825665A20060AF700C4CCF8 /* DeepLinkHandlerTests.swift in Sources */,
				488464EE2003CDF100F19A42 /* RouterMatcherLinkTest.swift in Sources */,
				485443E52007566100E9C553 /* RouterMatcherModulesTests.swift in Sources */,
			);
			runOnlyForDeploymentPostprocessing = 0;
		};
		48523CAC1FFE477E00E9E6D7 /* Sources */ = {
			isa = PBXSourcesBuildPhase;
			buildActionMask = 2147483647;
			files = (
				48523CB51FFE477E00E9E6D7 /* DeepLinkTestUITests.swift in Sources */,
			);
			runOnlyForDeploymentPostprocessing = 0;
		};
/* End PBXSourcesBuildPhase section */

/* Begin PBXTargetDependency section */
		48523CA71FFE477E00E9E6D7 /* PBXTargetDependency */ = {
			isa = PBXTargetDependency;
			target = 48523C901FFE477D00E9E6D7 /* DeepLinkTest */;
			targetProxy = 48523CA61FFE477E00E9E6D7 /* PBXContainerItemProxy */;
		};
		48523CB21FFE477E00E9E6D7 /* PBXTargetDependency */ = {
			isa = PBXTargetDependency;
			target = 48523C901FFE477D00E9E6D7 /* DeepLinkTest */;
			targetProxy = 48523CB11FFE477E00E9E6D7 /* PBXContainerItemProxy */;
		};
/* End PBXTargetDependency section */

/* Begin PBXVariantGroup section */
		48523C981FFE477D00E9E6D7 /* Main.storyboard */ = {
			isa = PBXVariantGroup;
			children = (
				48523C991FFE477D00E9E6D7 /* Base */,
			);
			name = Main.storyboard;
			sourceTree = "<group>";
		};
		48523C9D1FFE477D00E9E6D7 /* LaunchScreen.storyboard */ = {
			isa = PBXVariantGroup;
			children = (
				48523C9E1FFE477D00E9E6D7 /* Base */,
			);
			name = LaunchScreen.storyboard;
			sourceTree = "<group>";
		};
/* End PBXVariantGroup section */

/* Begin XCBuildConfiguration section */
		48523CB71FFE477E00E9E6D7 /* Debug */ = {
			isa = XCBuildConfiguration;
			buildSettings = {
				ALWAYS_SEARCH_USER_PATHS = NO;
				CLANG_ANALYZER_NONNULL = YES;
				CLANG_ANALYZER_NUMBER_OBJECT_CONVERSION = YES_AGGRESSIVE;
				CLANG_CXX_LANGUAGE_STANDARD = "gnu++14";
				CLANG_CXX_LIBRARY = "libc++";
				CLANG_ENABLE_MODULES = YES;
				CLANG_ENABLE_OBJC_ARC = YES;
				CLANG_WARN_BLOCK_CAPTURE_AUTORELEASING = YES;
				CLANG_WARN_BOOL_CONVERSION = YES;
				CLANG_WARN_COMMA = YES;
				CLANG_WARN_CONSTANT_CONVERSION = YES;
				CLANG_WARN_DIRECT_OBJC_ISA_USAGE = YES_ERROR;
				CLANG_WARN_DOCUMENTATION_COMMENTS = YES;
				CLANG_WARN_EMPTY_BODY = YES;
				CLANG_WARN_ENUM_CONVERSION = YES;
				CLANG_WARN_INFINITE_RECURSION = YES;
				CLANG_WARN_INT_CONVERSION = YES;
				CLANG_WARN_NON_LITERAL_NULL_CONVERSION = YES;
				CLANG_WARN_OBJC_LITERAL_CONVERSION = YES;
				CLANG_WARN_OBJC_ROOT_CLASS = YES_ERROR;
				CLANG_WARN_RANGE_LOOP_ANALYSIS = YES;
				CLANG_WARN_STRICT_PROTOTYPES = YES;
				CLANG_WARN_SUSPICIOUS_MOVE = YES;
				CLANG_WARN_UNGUARDED_AVAILABILITY = YES_AGGRESSIVE;
				CLANG_WARN_UNREACHABLE_CODE = YES;
				CLANG_WARN__DUPLICATE_METHOD_MATCH = YES;
				CODE_SIGN_IDENTITY = "iPhone Developer";
				COPY_PHASE_STRIP = NO;
				DEBUG_INFORMATION_FORMAT = dwarf;
				ENABLE_STRICT_OBJC_MSGSEND = YES;
				ENABLE_TESTABILITY = YES;
				GCC_C_LANGUAGE_STANDARD = gnu11;
				GCC_DYNAMIC_NO_PIC = NO;
				GCC_NO_COMMON_BLOCKS = YES;
				GCC_OPTIMIZATION_LEVEL = 0;
				GCC_PREPROCESSOR_DEFINITIONS = (
					"DEBUG=1",
					"$(inherited)",
				);
				GCC_WARN_64_TO_32_BIT_CONVERSION = YES;
				GCC_WARN_ABOUT_RETURN_TYPE = YES_ERROR;
				GCC_WARN_UNDECLARED_SELECTOR = YES;
				GCC_WARN_UNINITIALIZED_AUTOS = YES_AGGRESSIVE;
				GCC_WARN_UNUSED_FUNCTION = YES;
				GCC_WARN_UNUSED_VARIABLE = YES;
				IPHONEOS_DEPLOYMENT_TARGET = 11.1;
				MTL_ENABLE_DEBUG_INFO = YES;
				ONLY_ACTIVE_ARCH = YES;
				SDKROOT = iphoneos;
				SWIFT_ACTIVE_COMPILATION_CONDITIONS = DEBUG;
				SWIFT_OPTIMIZATION_LEVEL = "-Onone";
			};
			name = Debug;
		};
		48523CB81FFE477E00E9E6D7 /* Release */ = {
			isa = XCBuildConfiguration;
			buildSettings = {
				ALWAYS_SEARCH_USER_PATHS = NO;
				CLANG_ANALYZER_NONNULL = YES;
				CLANG_ANALYZER_NUMBER_OBJECT_CONVERSION = YES_AGGRESSIVE;
				CLANG_CXX_LANGUAGE_STANDARD = "gnu++14";
				CLANG_CXX_LIBRARY = "libc++";
				CLANG_ENABLE_MODULES = YES;
				CLANG_ENABLE_OBJC_ARC = YES;
				CLANG_WARN_BLOCK_CAPTURE_AUTORELEASING = YES;
				CLANG_WARN_BOOL_CONVERSION = YES;
				CLANG_WARN_COMMA = YES;
				CLANG_WARN_CONSTANT_CONVERSION = YES;
				CLANG_WARN_DIRECT_OBJC_ISA_USAGE = YES_ERROR;
				CLANG_WARN_DOCUMENTATION_COMMENTS = YES;
				CLANG_WARN_EMPTY_BODY = YES;
				CLANG_WARN_ENUM_CONVERSION = YES;
				CLANG_WARN_INFINITE_RECURSION = YES;
				CLANG_WARN_INT_CONVERSION = YES;
				CLANG_WARN_NON_LITERAL_NULL_CONVERSION = YES;
				CLANG_WARN_OBJC_LITERAL_CONVERSION = YES;
				CLANG_WARN_OBJC_ROOT_CLASS = YES_ERROR;
				CLANG_WARN_RANGE_LOOP_ANALYSIS = YES;
				CLANG_WARN_STRICT_PROTOTYPES = YES;
				CLANG_WARN_SUSPICIOUS_MOVE = YES;
				CLANG_WARN_UNGUARDED_AVAILABILITY = YES_AGGRESSIVE;
				CLANG_WARN_UNREACHABLE_CODE = YES;
				CLANG_WARN__DUPLICATE_METHOD_MATCH = YES;
				CODE_SIGN_IDENTITY = "iPhone Developer";
				COPY_PHASE_STRIP = NO;
				DEBUG_INFORMATION_FORMAT = "dwarf-with-dsym";
				ENABLE_NS_ASSERTIONS = NO;
				ENABLE_STRICT_OBJC_MSGSEND = YES;
				GCC_C_LANGUAGE_STANDARD = gnu11;
				GCC_NO_COMMON_BLOCKS = YES;
				GCC_WARN_64_TO_32_BIT_CONVERSION = YES;
				GCC_WARN_ABOUT_RETURN_TYPE = YES_ERROR;
				GCC_WARN_UNDECLARED_SELECTOR = YES;
				GCC_WARN_UNINITIALIZED_AUTOS = YES_AGGRESSIVE;
				GCC_WARN_UNUSED_FUNCTION = YES;
				GCC_WARN_UNUSED_VARIABLE = YES;
				IPHONEOS_DEPLOYMENT_TARGET = 11.1;
				MTL_ENABLE_DEBUG_INFO = NO;
				SDKROOT = iphoneos;
				SWIFT_OPTIMIZATION_LEVEL = "-Owholemodule";
				VALIDATE_PRODUCT = YES;
			};
			name = Release;
		};
		48523CBA1FFE477E00E9E6D7 /* Debug */ = {
			isa = XCBuildConfiguration;
			buildSettings = {
				ASSETCATALOG_COMPILER_APPICON_NAME = AppIcon;
				CODE_SIGN_STYLE = Automatic;
				DEVELOPMENT_TEAM = 6FZFL3G4N7;
				INFOPLIST_FILE = DeepLinkTest/Info.plist;
				IPHONEOS_DEPLOYMENT_TARGET = 9.3;
				LD_RUNPATH_SEARCH_PATHS = "$(inherited) @executable_path/Frameworks";
				PRODUCT_BUNDLE_IDENTIFIER = "Maksim-Kita.DeepLinkTest";
				PRODUCT_NAME = "$(TARGET_NAME)";
				SWIFT_VERSION = 4.0;
				TARGETED_DEVICE_FAMILY = "1,2";
			};
			name = Debug;
		};
		48523CBB1FFE477E00E9E6D7 /* Release */ = {
			isa = XCBuildConfiguration;
			buildSettings = {
				ASSETCATALOG_COMPILER_APPICON_NAME = AppIcon;
				CODE_SIGN_STYLE = Automatic;
				DEVELOPMENT_TEAM = 6FZFL3G4N7;
				INFOPLIST_FILE = DeepLinkTest/Info.plist;
				IPHONEOS_DEPLOYMENT_TARGET = 9.3;
				LD_RUNPATH_SEARCH_PATHS = "$(inherited) @executable_path/Frameworks";
				PRODUCT_BUNDLE_IDENTIFIER = "Maksim-Kita.DeepLinkTest";
				PRODUCT_NAME = "$(TARGET_NAME)";
				SWIFT_VERSION = 4.0;
				TARGETED_DEVICE_FAMILY = "1,2";
			};
			name = Release;
		};
		48523CBD1FFE477E00E9E6D7 /* Debug */ = {
			isa = XCBuildConfiguration;
			buildSettings = {
				ALWAYS_EMBED_SWIFT_STANDARD_LIBRARIES = YES;
				BUNDLE_LOADER = "$(TEST_HOST)";
				CODE_SIGN_STYLE = Automatic;
				DEVELOPMENT_TEAM = 6FZFL3G4N7;
				INFOPLIST_FILE = DeepLinkTestTests/Info.plist;
				LD_RUNPATH_SEARCH_PATHS = "$(inherited) @executable_path/Frameworks @loader_path/Frameworks";
				PRODUCT_BUNDLE_IDENTIFIER = "Maksim-Kita.DeepLinkTestTests";
				PRODUCT_NAME = "$(TARGET_NAME)";
				SWIFT_VERSION = 4.0;
				TARGETED_DEVICE_FAMILY = "1,2";
				TEST_HOST = "$(BUILT_PRODUCTS_DIR)/DeepLinkTest.app/DeepLinkTest";
			};
			name = Debug;
		};
		48523CBE1FFE477E00E9E6D7 /* Release */ = {
			isa = XCBuildConfiguration;
			buildSettings = {
				ALWAYS_EMBED_SWIFT_STANDARD_LIBRARIES = YES;
				BUNDLE_LOADER = "$(TEST_HOST)";
				CODE_SIGN_STYLE = Automatic;
				DEVELOPMENT_TEAM = 6FZFL3G4N7;
				INFOPLIST_FILE = DeepLinkTestTests/Info.plist;
				LD_RUNPATH_SEARCH_PATHS = "$(inherited) @executable_path/Frameworks @loader_path/Frameworks";
				PRODUCT_BUNDLE_IDENTIFIER = "Maksim-Kita.DeepLinkTestTests";
				PRODUCT_NAME = "$(TARGET_NAME)";
				SWIFT_VERSION = 4.0;
				TARGETED_DEVICE_FAMILY = "1,2";
				TEST_HOST = "$(BUILT_PRODUCTS_DIR)/DeepLinkTest.app/DeepLinkTest";
			};
			name = Release;
		};
		48523CC01FFE477E00E9E6D7 /* Debug */ = {
			isa = XCBuildConfiguration;
			buildSettings = {
				ALWAYS_EMBED_SWIFT_STANDARD_LIBRARIES = YES;
				CODE_SIGN_STYLE = Automatic;
				DEVELOPMENT_TEAM = 6FZFL3G4N7;
				INFOPLIST_FILE = DeepLinkTestUITests/Info.plist;
				LD_RUNPATH_SEARCH_PATHS = "$(inherited) @executable_path/Frameworks @loader_path/Frameworks";
				PRODUCT_BUNDLE_IDENTIFIER = "Maksim-Kita.DeepLinkTestUITests";
				PRODUCT_NAME = "$(TARGET_NAME)";
				SWIFT_VERSION = 4.0;
				TARGETED_DEVICE_FAMILY = "1,2";
				TEST_TARGET_NAME = DeepLinkTest;
			};
			name = Debug;
		};
		48523CC11FFE477E00E9E6D7 /* Release */ = {
			isa = XCBuildConfiguration;
			buildSettings = {
				ALWAYS_EMBED_SWIFT_STANDARD_LIBRARIES = YES;
				CODE_SIGN_STYLE = Automatic;
				DEVELOPMENT_TEAM = 6FZFL3G4N7;
				INFOPLIST_FILE = DeepLinkTestUITests/Info.plist;
				LD_RUNPATH_SEARCH_PATHS = "$(inherited) @executable_path/Frameworks @loader_path/Frameworks";
				PRODUCT_BUNDLE_IDENTIFIER = "Maksim-Kita.DeepLinkTestUITests";
				PRODUCT_NAME = "$(TARGET_NAME)";
				SWIFT_VERSION = 4.0;
				TARGETED_DEVICE_FAMILY = "1,2";
				TEST_TARGET_NAME = DeepLinkTest;
			};
			name = Release;
		};
/* End XCBuildConfiguration section */

/* Begin XCConfigurationList section */
		48523C8C1FFE477D00E9E6D7 /* Build configuration list for PBXProject "DeepLinkTest" */ = {
			isa = XCConfigurationList;
			buildConfigurations = (
				48523CB71FFE477E00E9E6D7 /* Debug */,
				48523CB81FFE477E00E9E6D7 /* Release */,
			);
			defaultConfigurationIsVisible = 0;
			defaultConfigurationName = Release;
		};
		48523CB91FFE477E00E9E6D7 /* Build configuration list for PBXNativeTarget "DeepLinkTest" */ = {
			isa = XCConfigurationList;
			buildConfigurations = (
				48523CBA1FFE477E00E9E6D7 /* Debug */,
				48523CBB1FFE477E00E9E6D7 /* Release */,
			);
			defaultConfigurationIsVisible = 0;
			defaultConfigurationName = Release;
		};
		48523CBC1FFE477E00E9E6D7 /* Build configuration list for PBXNativeTarget "DeepLinkTestTests" */ = {
			isa = XCConfigurationList;
			buildConfigurations = (
				48523CBD1FFE477E00E9E6D7 /* Debug */,
				48523CBE1FFE477E00E9E6D7 /* Release */,
			);
			defaultConfigurationIsVisible = 0;
			defaultConfigurationName = Release;
		};
		48523CBF1FFE477E00E9E6D7 /* Build configuration list for PBXNativeTarget "DeepLinkTestUITests" */ = {
			isa = XCConfigurationList;
			buildConfigurations = (
				48523CC01FFE477E00E9E6D7 /* Debug */,
				48523CC11FFE477E00E9E6D7 /* Release */,
			);
			defaultConfigurationIsVisible = 0;
			defaultConfigurationName = Release;
		};
/* End XCConfigurationList section */
	};
	rootObject = 48523C891FFE477D00E9E6D7 /* Project object */;
}
