// !$*UTF8*$!
{
	archiveVersion = 1;
	classes = {
	};
	objectVersion = 48;
	objects = {

/* Begin PBXBuildFile section */
		48073B2E1FFE6814001A1C7D /* Matcher.swift in Sources */ = {isa = PBXBuildFile; fileRef = 48073B2D1FFE6814001A1C7D /* Matcher.swift */; };
		4813ADE02008ADEA00934A76 /* RouterObserverHandler.swift in Sources */ = {isa = PBXBuildFile; fileRef = 4813ADDF2008ADEA00934A76 /* RouterObserverHandler.swift */; };
		4813ADE22008B14700934A76 /* RouterObserverHandlerTestTests.swift in Sources */ = {isa = PBXBuildFile; fileRef = 4813ADE12008B14700934A76 /* RouterObserverHandlerTestTests.swift */; };
		4814CAB21FFE83B200FF1987 /* Graph.swift in Sources */ = {isa = PBXBuildFile; fileRef = 4814CAB11FFE83B200FF1987 /* Graph.swift */; };
		48180FD42008DD6900214C3B /* TestModulePresenter.swift in Sources */ = {isa = PBXBuildFile; fileRef = 48180FD32008DD6900214C3B /* TestModulePresenter.swift */; };
		48180FD72008DD8800214C3B /* TestModuleViewController.swift in Sources */ = {isa = PBXBuildFile; fileRef = 48180FD62008DD8800214C3B /* TestModuleViewController.swift */; };
		481B02D01FFFB6F8005E9C96 /* RouteGraphPathTestTests.swift in Sources */ = {isa = PBXBuildFile; fileRef = 481B02CF1FFFB6F8005E9C96 /* RouteGraphPathTestTests.swift */; };
		481B02D31FFFC5A2005E9C96 /* Presenter.swift in Sources */ = {isa = PBXBuildFile; fileRef = 481B02D21FFFC5A2005E9C96 /* Presenter.swift */; };
		48205360200B652300BB1B85 /* Registration.storyboard in Resources */ = {isa = PBXBuildFile; fileRef = 4820535F200B652300BB1B85 /* Registration.storyboard */; };
		48205363200B66EC00BB1B85 /* Switch.storyboard in Resources */ = {isa = PBXBuildFile; fileRef = 48205362200B66EC00BB1B85 /* Switch.storyboard */; };
		48205365200B672800BB1B85 /* Authorization.storyboard in Resources */ = {isa = PBXBuildFile; fileRef = 48205364200B672800BB1B85 /* Authorization.storyboard */; };
		48205367200B67AD00BB1B85 /* TabBarModuleTest.storyboard in Resources */ = {isa = PBXBuildFile; fileRef = 48205366200B67AD00BB1B85 /* TabBarModuleTest.storyboard */; };
		4820536E200B682100BB1B85 /* TabBarViewController.swift in Sources */ = {isa = PBXBuildFile; fileRef = 4820536D200B682100BB1B85 /* TabBarViewController.swift */; };
		48205370200B688200BB1B85 /* FirstNavigationViewController.swift in Sources */ = {isa = PBXBuildFile; fileRef = 4820536F200B688200BB1B85 /* FirstNavigationViewController.swift */; };
		48205372200B68A500BB1B85 /* SecondNavigationViewController.swift in Sources */ = {isa = PBXBuildFile; fileRef = 48205371200B68A500BB1B85 /* SecondNavigationViewController.swift */; };
		48205374200B6D0E00BB1B85 /* FirstViewController.swift in Sources */ = {isa = PBXBuildFile; fileRef = 48205373200B6D0E00BB1B85 /* FirstViewController.swift */; };
		48205376200B6D1600BB1B85 /* SecondViewController.swift in Sources */ = {isa = PBXBuildFile; fileRef = 48205375200B6D1600BB1B85 /* SecondViewController.swift */; };
		48205378200B73D600BB1B85 /* PageVCModuleTest.storyboard in Resources */ = {isa = PBXBuildFile; fileRef = 48205377200B73D600BB1B85 /* PageVCModuleTest.storyboard */; };
		4820537F200B741200BB1B85 /* PageViewController.swift in Sources */ = {isa = PBXBuildFile; fileRef = 4820537E200B741200BB1B85 /* PageViewController.swift */; };
		48205381200B743F00BB1B85 /* FirstPageViewController.swift in Sources */ = {isa = PBXBuildFile; fileRef = 48205380200B743F00BB1B85 /* FirstPageViewController.swift */; };
		48205383200B746300BB1B85 /* SecondPageViewController.swift in Sources */ = {isa = PBXBuildFile; fileRef = 48205382200B746300BB1B85 /* SecondPageViewController.swift */; };
		48205385200B746B00BB1B85 /* ThirdPageViewController.swift in Sources */ = {isa = PBXBuildFile; fileRef = 48205384200B746B00BB1B85 /* ThirdPageViewController.swift */; };
		4823FE65200772F20031D357 /* RegistrationFSViewController.swift in Sources */ = {isa = PBXBuildFile; fileRef = 4823FE64200772F20031D357 /* RegistrationFSViewController.swift */; };
		4823FE67200773000031D357 /* RegistrationSSViewController.swift in Sources */ = {isa = PBXBuildFile; fileRef = 4823FE66200773000031D357 /* RegistrationSSViewController.swift */; };
		4823FE692007730A0031D357 /* RegistrationTSViewController.swift in Sources */ = {isa = PBXBuildFile; fileRef = 4823FE682007730A0031D357 /* RegistrationTSViewController.swift */; };
		4823FE6B200773270031D357 /* RegistrationNavigation.swift in Sources */ = {isa = PBXBuildFile; fileRef = 4823FE6A200773270031D357 /* RegistrationNavigation.swift */; };
		4823FE6D200774E10031D357 /* SwitchViewController.swift in Sources */ = {isa = PBXBuildFile; fileRef = 4823FE6C200774E10031D357 /* SwitchViewController.swift */; };
		4823FE70200775F80031D357 /* SwitchModulePresenter.swift in Sources */ = {isa = PBXBuildFile; fileRef = 4823FE6F200775F80031D357 /* SwitchModulePresenter.swift */; };
		4823FE73200776D10031D357 /* RegistrationModulePresenter.swift in Sources */ = {isa = PBXBuildFile; fileRef = 4823FE72200776D10031D357 /* RegistrationModulePresenter.swift */; };
		4823FE752007779F0031D357 /* RegistrationStepsPresenter.swift in Sources */ = {isa = PBXBuildFile; fileRef = 4823FE742007779F0031D357 /* RegistrationStepsPresenter.swift */; };
		4823FE772007795B0031D357 /* MainModuleInteractor.swift in Sources */ = {isa = PBXBuildFile; fileRef = 4823FE762007795B0031D357 /* MainModuleInteractor.swift */; };
		4823FE7C20077A180031D357 /* RegistrationModuleModel.swift in Sources */ = {isa = PBXBuildFile; fileRef = 4823FE7B20077A180031D357 /* RegistrationModuleModel.swift */; };
		4823FE7F20077A630031D357 /* RegistrationModuleInteractor.swift in Sources */ = {isa = PBXBuildFile; fileRef = 4823FE7E20077A630031D357 /* RegistrationModuleInteractor.swift */; };
		4823FE8120077AE30031D357 /* AuthorizationViewController.swift in Sources */ = {isa = PBXBuildFile; fileRef = 4823FE8020077AE30031D357 /* AuthorizationViewController.swift */; };
		4823FE8420077B8C0031D357 /* AuthorizationModuleInteractor.swift in Sources */ = {isa = PBXBuildFile; fileRef = 4823FE8320077B8C0031D357 /* AuthorizationModuleInteractor.swift */; };
		4823FE8720077C550031D357 /* AuthorizationModulePresenter.swift in Sources */ = {isa = PBXBuildFile; fileRef = 4823FE8620077C550031D357 /* AuthorizationModulePresenter.swift */; };
		48256658200609DA00C4CCF8 /* DeepLinkHandler.swift in Sources */ = {isa = PBXBuildFile; fileRef = 48256657200609DA00C4CCF8 /* DeepLinkHandler.swift */; };
		482566612006268E00C4CCF8 /* DetailNavigationVC.swift in Sources */ = {isa = PBXBuildFile; fileRef = 482566602006268E00C4CCF8 /* DetailNavigationVC.swift */; };
		482566632006276700C4CCF8 /* DataNavigationVC.swift in Sources */ = {isa = PBXBuildFile; fileRef = 482566622006276700C4CCF8 /* DataNavigationVC.swift */; };
		4825666520062A1D00C4CCF8 /* SplitVCContainer.swift in Sources */ = {isa = PBXBuildFile; fileRef = 4825666420062A1D00C4CCF8 /* SplitVCContainer.swift */; };
		4825C080200D06C30080A897 /* Utils.swift in Sources */ = {isa = PBXBuildFile; fileRef = 4825C07F200D06C30080A897 /* Utils.swift */; };
		4825C082200D0B3D0080A897 /* UtilsTestTests.swift in Sources */ = {isa = PBXBuildFile; fileRef = 4825C081200D0B3D0080A897 /* UtilsTestTests.swift */; };
		4835E98A200DEB2D00044739 /* RouteNodeSameNodesAddTestTests.swift in Sources */ = {isa = PBXBuildFile; fileRef = 4835E989200DEB2D00044739 /* RouteNodeSameNodesAddTestTests.swift */; };
		48523C951FFE477D00E9E6D7 /* AppDelegate.swift in Sources */ = {isa = PBXBuildFile; fileRef = 48523C941FFE477D00E9E6D7 /* AppDelegate.swift */; };
		48523C9A1FFE477D00E9E6D7 /* Main.storyboard in Resources */ = {isa = PBXBuildFile; fileRef = 48523C981FFE477D00E9E6D7 /* Main.storyboard */; };
		48523C9C1FFE477D00E9E6D7 /* Assets.xcassets in Resources */ = {isa = PBXBuildFile; fileRef = 48523C9B1FFE477D00E9E6D7 /* Assets.xcassets */; };
		48523C9F1FFE477D00E9E6D7 /* LaunchScreen.storyboard in Resources */ = {isa = PBXBuildFile; fileRef = 48523C9D1FFE477D00E9E6D7 /* LaunchScreen.storyboard */; };
		48523CAA1FFE477E00E9E6D7 /* DeepLinkTestTests.swift in Sources */ = {isa = PBXBuildFile; fileRef = 48523CA91FFE477E00E9E6D7 /* DeepLinkTestTests.swift */; };
		48523CB51FFE477E00E9E6D7 /* DeepLinkTestUITests.swift in Sources */ = {isa = PBXBuildFile; fileRef = 48523CB41FFE477E00E9E6D7 /* DeepLinkTestUITests.swift */; };
		485443E32007497400E9C553 /* PresenterModuleRepository.swift in Sources */ = {isa = PBXBuildFile; fileRef = 485443E22007497400E9C553 /* PresenterModuleRepository.swift */; };
		485443E52007566100E9C553 /* RouterMatcherModulesTests.swift in Sources */ = {isa = PBXBuildFile; fileRef = 485443E42007566100E9C553 /* RouterMatcherModulesTests.swift */; };
		48556AE82004A8FB0053AED0 /* MatcherResponse.swift in Sources */ = {isa = PBXBuildFile; fileRef = 48556AE72004A8FB0053AED0 /* MatcherResponse.swift */; };
		48556AEA2004AAE60053AED0 /* ViewPresenterProtocol.swift in Sources */ = {isa = PBXBuildFile; fileRef = 48556AE92004AAE60053AED0 /* ViewPresenterProtocol.swift */; };
		48556AEC2004AB280053AED0 /* DefaultViewPresenter.swift in Sources */ = {isa = PBXBuildFile; fileRef = 48556AEB2004AB280053AED0 /* DefaultViewPresenter.swift */; };
		48668D85200C9D7A0099B36C /* AnimationController.swift in Sources */ = {isa = PBXBuildFile; fileRef = 48668D84200C9D7A0099B36C /* AnimationController.swift */; };
		487A1BE2200D15FA006BC213 /* RouterModuleRecursionTestTests.swift in Sources */ = {isa = PBXBuildFile; fileRef = 487A1BE1200D15FA006BC213 /* RouterModuleRecursionTestTests.swift */; };
		488464D520035E1600F19A42 /* RouterModule.swift in Sources */ = {isa = PBXBuildFile; fileRef = 488464D420035E1600F19A42 /* RouterModule.swift */; };
		488464DA2003640200F19A42 /* RouterPath.swift in Sources */ = {isa = PBXBuildFile; fileRef = 488464D92003640200F19A42 /* RouterPath.swift */; };
		488464DC200364B300F19A42 /* MainRouter.swift in Sources */ = {isa = PBXBuildFile; fileRef = 488464DB200364B300F19A42 /* MainRouter.swift */; };
		488464DF2003B93D00F19A42 /* DataTableViewController.swift in Sources */ = {isa = PBXBuildFile; fileRef = 488464DE2003B93D00F19A42 /* DataTableViewController.swift */; };
		488464E12003BAD400F19A42 /* MainModuleModel.swift in Sources */ = {isa = PBXBuildFile; fileRef = 488464E02003BAD400F19A42 /* MainModuleModel.swift */; };
		488464E72003BB8400F19A42 /* MainModulePresenter.swift in Sources */ = {isa = PBXBuildFile; fileRef = 488464E62003BB8400F19A42 /* MainModulePresenter.swift */; };
		488464EC2003BD5C00F19A42 /* DataTableViewCell.swift in Sources */ = {isa = PBXBuildFile; fileRef = 488464EB2003BD5C00F19A42 /* DataTableViewCell.swift */; };
		488464EE2003CDF100F19A42 /* RouterMatcherLinkTest.swift in Sources */ = {isa = PBXBuildFile; fileRef = 488464ED2003CDF100F19A42 /* RouterMatcherLinkTest.swift */; };
		488464F02003D26000F19A42 /* DetailViewController.swift in Sources */ = {isa = PBXBuildFile; fileRef = 488464EF2003D26000F19A42 /* DetailViewController.swift */; };
		488464F22003E08000F19A42 /* AnotherTestModulePresenter.swift in Sources */ = {isa = PBXBuildFile; fileRef = 488464F12003E08000F19A42 /* AnotherTestModulePresenter.swift */; };
		488464F42003E0C900F19A42 /* FirstDetailVC.swift in Sources */ = {isa = PBXBuildFile; fileRef = 488464F32003E0C900F19A42 /* FirstDetailVC.swift */; };
		488464F82003E13F00F19A42 /* SecondDetailVC.swift in Sources */ = {isa = PBXBuildFile; fileRef = 488464F72003E13F00F19A42 /* SecondDetailVC.swift */; };
		4889EE79200CA99800472616 /* RouterModulePathTestTests.swift in Sources */ = {isa = PBXBuildFile; fileRef = 4889EE78200CA99800472616 /* RouterModulePathTestTests.swift */; };
		4893E9B0200CDBB20006354C /* RouterModuleGetMethodsTestTests.swift in Sources */ = {isa = PBXBuildFile; fileRef = 4893E9AF200CDBB20006354C /* RouterModuleGetMethodsTestTests.swift */; };
		4893E9B2200CDD850006354C /* RouteNodeTestTests.swift in Sources */ = {isa = PBXBuildFile; fileRef = 4893E9B1200CDD850006354C /* RouteNodeTestTests.swift */; };
		489B472E2004AFC400650F10 /* ViewProtocols.swift in Sources */ = {isa = PBXBuildFile; fileRef = 489B472D2004AFC400650F10 /* ViewProtocols.swift */; };
		48A72E261FFF721D00D98A10 /* RouteNode.swift in Sources */ = {isa = PBXBuildFile; fileRef = 48A72E251FFF721D00D98A10 /* RouteNode.swift */; };
		48A72E281FFF736500D98A10 /* RouteTransitionEdge.swift in Sources */ = {isa = PBXBuildFile; fileRef = 48A72E271FFF736500D98A10 /* RouteTransitionEdge.swift */; };
		48A72E2A1FFF73BB00D98A10 /* RouteGraph.swift in Sources */ = {isa = PBXBuildFile; fileRef = 48A72E291FFF73BB00D98A10 /* RouteGraph.swift */; };
		48AA6F62200DF63200DE32A0 /* RouteNodeTypesTestTests.swift in Sources */ = {isa = PBXBuildFile; fileRef = 48AA6F61200DF63200DE32A0 /* RouteNodeTypesTestTests.swift */; };
		48AA6F64200DF85000DE32A0 /* RouteGraphCompareTestTests.swift in Sources */ = {isa = PBXBuildFile; fileRef = 48AA6F63200DF85000DE32A0 /* RouteGraphCompareTestTests.swift */; };
/* End PBXBuildFile section */

/* Begin PBXContainerItemProxy section */
		48523CA61FFE477E00E9E6D7 /* PBXContainerItemProxy */ = {
			isa = PBXContainerItemProxy;
			containerPortal = 48523C891FFE477D00E9E6D7 /* Project object */;
			proxyType = 1;
			remoteGlobalIDString = 48523C901FFE477D00E9E6D7;
			remoteInfo = DeepLinkTest;
		};
		48523CB11FFE477E00E9E6D7 /* PBXContainerItemProxy */ = {
			isa = PBXContainerItemProxy;
			containerPortal = 48523C891FFE477D00E9E6D7 /* Project object */;
			proxyType = 1;
			remoteGlobalIDString = 48523C901FFE477D00E9E6D7;
			remoteInfo = DeepLinkTest;
		};
/* End PBXContainerItemProxy section */

/* Begin PBXFileReference section */
		48073B2D1FFE6814001A1C7D /* Matcher.swift */ = {isa = PBXFileReference; lastKnownFileType = sourcecode.swift; path = Matcher.swift; sourceTree = "<group>"; };
		4813ADDF2008ADEA00934A76 /* RouterObserverHandler.swift */ = {isa = PBXFileReference; lastKnownFileType = sourcecode.swift; path = RouterObserverHandler.swift; sourceTree = "<group>"; };
		4813ADE12008B14700934A76 /* RouterObserverHandlerTestTests.swift */ = {isa = PBXFileReference; lastKnownFileType = sourcecode.swift; path = RouterObserverHandlerTestTests.swift; sourceTree = "<group>"; };
		4814CAB11FFE83B200FF1987 /* Graph.swift */ = {isa = PBXFileReference; lastKnownFileType = sourcecode.swift; path = Graph.swift; sourceTree = "<group>"; };
		48180FD32008DD6900214C3B /* TestModulePresenter.swift */ = {isa = PBXFileReference; lastKnownFileType = sourcecode.swift; path = TestModulePresenter.swift; sourceTree = "<group>"; };
		48180FD62008DD8800214C3B /* TestModuleViewController.swift */ = {isa = PBXFileReference; lastKnownFileType = sourcecode.swift; path = TestModuleViewController.swift; sourceTree = "<group>"; };
		481B02CF1FFFB6F8005E9C96 /* RouteGraphPathTestTests.swift */ = {isa = PBXFileReference; lastKnownFileType = sourcecode.swift; path = RouteGraphPathTestTests.swift; sourceTree = "<group>"; };
		481B02D21FFFC5A2005E9C96 /* Presenter.swift */ = {isa = PBXFileReference; lastKnownFileType = sourcecode.swift; path = Presenter.swift; sourceTree = "<group>"; };
		4820535F200B652300BB1B85 /* Registration.storyboard */ = {isa = PBXFileReference; lastKnownFileType = file.storyboard; path = Registration.storyboard; sourceTree = "<group>"; };
		48205362200B66EC00BB1B85 /* Switch.storyboard */ = {isa = PBXFileReference; lastKnownFileType = file.storyboard; path = Switch.storyboard; sourceTree = "<group>"; };
		48205364200B672800BB1B85 /* Authorization.storyboard */ = {isa = PBXFileReference; lastKnownFileType = file.storyboard; path = Authorization.storyboard; sourceTree = "<group>"; };
		48205366200B67AD00BB1B85 /* TabBarModuleTest.storyboard */ = {isa = PBXFileReference; lastKnownFileType = file.storyboard; path = TabBarModuleTest.storyboard; sourceTree = "<group>"; };
		4820536D200B682100BB1B85 /* TabBarViewController.swift */ = {isa = PBXFileReference; lastKnownFileType = sourcecode.swift; path = TabBarViewController.swift; sourceTree = "<group>"; };
		4820536F200B688200BB1B85 /* FirstNavigationViewController.swift */ = {isa = PBXFileReference; lastKnownFileType = sourcecode.swift; path = FirstNavigationViewController.swift; sourceTree = "<group>"; };
		48205371200B68A500BB1B85 /* SecondNavigationViewController.swift */ = {isa = PBXFileReference; lastKnownFileType = sourcecode.swift; path = SecondNavigationViewController.swift; sourceTree = "<group>"; };
		48205373200B6D0E00BB1B85 /* FirstViewController.swift */ = {isa = PBXFileReference; lastKnownFileType = sourcecode.swift; path = FirstViewController.swift; sourceTree = "<group>"; };
		48205375200B6D1600BB1B85 /* SecondViewController.swift */ = {isa = PBXFileReference; lastKnownFileType = sourcecode.swift; path = SecondViewController.swift; sourceTree = "<group>"; };
		48205377200B73D600BB1B85 /* PageVCModuleTest.storyboard */ = {isa = PBXFileReference; lastKnownFileType = file.storyboard; path = PageVCModuleTest.storyboard; sourceTree = "<group>"; };
		4820537E200B741200BB1B85 /* PageViewController.swift */ = {isa = PBXFileReference; lastKnownFileType = sourcecode.swift; path = PageViewController.swift; sourceTree = "<group>"; };
		48205380200B743F00BB1B85 /* FirstPageViewController.swift */ = {isa = PBXFileReference; lastKnownFileType = sourcecode.swift; path = FirstPageViewController.swift; sourceTree = "<group>"; };
		48205382200B746300BB1B85 /* SecondPageViewController.swift */ = {isa = PBXFileReference; lastKnownFileType = sourcecode.swift; path = SecondPageViewController.swift; sourceTree = "<group>"; };
		48205384200B746B00BB1B85 /* ThirdPageViewController.swift */ = {isa = PBXFileReference; lastKnownFileType = sourcecode.swift; path = ThirdPageViewController.swift; sourceTree = "<group>"; };
		4823FE64200772F20031D357 /* RegistrationFSViewController.swift */ = {isa = PBXFileReference; lastKnownFileType = sourcecode.swift; path = RegistrationFSViewController.swift; sourceTree = "<group>"; };
		4823FE66200773000031D357 /* RegistrationSSViewController.swift */ = {isa = PBXFileReference; lastKnownFileType = sourcecode.swift; path = RegistrationSSViewController.swift; sourceTree = "<group>"; };
		4823FE682007730A0031D357 /* RegistrationTSViewController.swift */ = {isa = PBXFileReference; lastKnownFileType = sourcecode.swift; path = RegistrationTSViewController.swift; sourceTree = "<group>"; };
		4823FE6A200773270031D357 /* RegistrationNavigation.swift */ = {isa = PBXFileReference; lastKnownFileType = sourcecode.swift; path = RegistrationNavigation.swift; sourceTree = "<group>"; };
		4823FE6C200774E10031D357 /* SwitchViewController.swift */ = {isa = PBXFileReference; lastKnownFileType = sourcecode.swift; path = SwitchViewController.swift; sourceTree = "<group>"; };
		4823FE6F200775F80031D357 /* SwitchModulePresenter.swift */ = {isa = PBXFileReference; lastKnownFileType = sourcecode.swift; path = SwitchModulePresenter.swift; sourceTree = "<group>"; };
		4823FE72200776D10031D357 /* RegistrationModulePresenter.swift */ = {isa = PBXFileReference; lastKnownFileType = sourcecode.swift; path = RegistrationModulePresenter.swift; sourceTree = "<group>"; };
		4823FE742007779F0031D357 /* RegistrationStepsPresenter.swift */ = {isa = PBXFileReference; lastKnownFileType = sourcecode.swift; path = RegistrationStepsPresenter.swift; sourceTree = "<group>"; };
		4823FE762007795B0031D357 /* MainModuleInteractor.swift */ = {isa = PBXFileReference; lastKnownFileType = sourcecode.swift; path = MainModuleInteractor.swift; sourceTree = "<group>"; };
		4823FE7B20077A180031D357 /* RegistrationModuleModel.swift */ = {isa = PBXFileReference; lastKnownFileType = sourcecode.swift; path = RegistrationModuleModel.swift; sourceTree = "<group>"; };
		4823FE7E20077A630031D357 /* RegistrationModuleInteractor.swift */ = {isa = PBXFileReference; lastKnownFileType = sourcecode.swift; path = RegistrationModuleInteractor.swift; sourceTree = "<group>"; };
		4823FE8020077AE30031D357 /* AuthorizationViewController.swift */ = {isa = PBXFileReference; lastKnownFileType = sourcecode.swift; path = AuthorizationViewController.swift; sourceTree = "<group>"; };
		4823FE8320077B8C0031D357 /* AuthorizationModuleInteractor.swift */ = {isa = PBXFileReference; lastKnownFileType = sourcecode.swift; path = AuthorizationModuleInteractor.swift; sourceTree = "<group>"; };
		4823FE8620077C550031D357 /* AuthorizationModulePresenter.swift */ = {isa = PBXFileReference; lastKnownFileType = sourcecode.swift; path = AuthorizationModulePresenter.swift; sourceTree = "<group>"; };
		48256657200609DA00C4CCF8 /* DeepLinkHandler.swift */ = {isa = PBXFileReference; lastKnownFileType = sourcecode.swift; path = DeepLinkHandler.swift; sourceTree = "<group>"; };
		482566602006268E00C4CCF8 /* DetailNavigationVC.swift */ = {isa = PBXFileReference; lastKnownFileType = sourcecode.swift; path = DetailNavigationVC.swift; sourceTree = "<group>"; };
		482566622006276700C4CCF8 /* DataNavigationVC.swift */ = {isa = PBXFileReference; lastKnownFileType = sourcecode.swift; path = DataNavigationVC.swift; sourceTree = "<group>"; };
		4825666420062A1D00C4CCF8 /* SplitVCContainer.swift */ = {isa = PBXFileReference; lastKnownFileType = sourcecode.swift; path = SplitVCContainer.swift; sourceTree = "<group>"; };
		4825C07F200D06C30080A897 /* Utils.swift */ = {isa = PBXFileReference; lastKnownFileType = sourcecode.swift; path = Utils.swift; sourceTree = "<group>"; };
		4825C081200D0B3D0080A897 /* UtilsTestTests.swift */ = {isa = PBXFileReference; lastKnownFileType = sourcecode.swift; path = UtilsTestTests.swift; sourceTree = "<group>"; };
		4835E989200DEB2D00044739 /* RouteNodeSameNodesAddTestTests.swift */ = {isa = PBXFileReference; lastKnownFileType = sourcecode.swift; path = RouteNodeSameNodesAddTestTests.swift; sourceTree = "<group>"; };
		48523C911FFE477D00E9E6D7 /* DeepLinkTest.app */ = {isa = PBXFileReference; explicitFileType = wrapper.application; includeInIndex = 0; path = DeepLinkTest.app; sourceTree = BUILT_PRODUCTS_DIR; };
		48523C941FFE477D00E9E6D7 /* AppDelegate.swift */ = {isa = PBXFileReference; lastKnownFileType = sourcecode.swift; path = AppDelegate.swift; sourceTree = "<group>"; };
		48523C991FFE477D00E9E6D7 /* Base */ = {isa = PBXFileReference; lastKnownFileType = file.storyboard; name = Base; path = Base.lproj/Main.storyboard; sourceTree = "<group>"; };
		48523C9B1FFE477D00E9E6D7 /* Assets.xcassets */ = {isa = PBXFileReference; lastKnownFileType = folder.assetcatalog; path = Assets.xcassets; sourceTree = "<group>"; };
		48523C9E1FFE477D00E9E6D7 /* Base */ = {isa = PBXFileReference; lastKnownFileType = file.storyboard; name = Base; path = Base.lproj/LaunchScreen.storyboard; sourceTree = "<group>"; };
		48523CA01FFE477D00E9E6D7 /* Info.plist */ = {isa = PBXFileReference; lastKnownFileType = text.plist.xml; path = Info.plist; sourceTree = "<group>"; };
		48523CA51FFE477E00E9E6D7 /* DeepLinkTestTests.xctest */ = {isa = PBXFileReference; explicitFileType = wrapper.cfbundle; includeInIndex = 0; path = DeepLinkTestTests.xctest; sourceTree = BUILT_PRODUCTS_DIR; };
		48523CA91FFE477E00E9E6D7 /* DeepLinkTestTests.swift */ = {isa = PBXFileReference; lastKnownFileType = sourcecode.swift; path = DeepLinkTestTests.swift; sourceTree = "<group>"; };
		48523CAB1FFE477E00E9E6D7 /* Info.plist */ = {isa = PBXFileReference; lastKnownFileType = text.plist.xml; path = Info.plist; sourceTree = "<group>"; };
		48523CB01FFE477E00E9E6D7 /* DeepLinkTestUITests.xctest */ = {isa = PBXFileReference; explicitFileType = wrapper.cfbundle; includeInIndex = 0; path = DeepLinkTestUITests.xctest; sourceTree = BUILT_PRODUCTS_DIR; };
		48523CB41FFE477E00E9E6D7 /* DeepLinkTestUITests.swift */ = {isa = PBXFileReference; lastKnownFileType = sourcecode.swift; path = DeepLinkTestUITests.swift; sourceTree = "<group>"; };
		48523CB61FFE477E00E9E6D7 /* Info.plist */ = {isa = PBXFileReference; lastKnownFileType = text.plist.xml; path = Info.plist; sourceTree = "<group>"; };
		485443E22007497400E9C553 /* PresenterModuleRepository.swift */ = {isa = PBXFileReference; lastKnownFileType = sourcecode.swift; path = PresenterModuleRepository.swift; sourceTree = "<group>"; };
		485443E42007566100E9C553 /* RouterMatcherModulesTests.swift */ = {isa = PBXFileReference; lastKnownFileType = sourcecode.swift; path = RouterMatcherModulesTests.swift; sourceTree = "<group>"; };
		48556AE72004A8FB0053AED0 /* MatcherResponse.swift */ = {isa = PBXFileReference; lastKnownFileType = sourcecode.swift; path = MatcherResponse.swift; sourceTree = "<group>"; };
		48556AE92004AAE60053AED0 /* ViewPresenterProtocol.swift */ = {isa = PBXFileReference; lastKnownFileType = sourcecode.swift; path = ViewPresenterProtocol.swift; sourceTree = "<group>"; };
		48556AEB2004AB280053AED0 /* DefaultViewPresenter.swift */ = {isa = PBXFileReference; lastKnownFileType = sourcecode.swift; path = DefaultViewPresenter.swift; sourceTree = "<group>"; };
		48668D84200C9D7A0099B36C /* AnimationController.swift */ = {isa = PBXFileReference; lastKnownFileType = sourcecode.swift; path = AnimationController.swift; sourceTree = "<group>"; };
		487A1BE1200D15FA006BC213 /* RouterModuleRecursionTestTests.swift */ = {isa = PBXFileReference; lastKnownFileType = sourcecode.swift; path = RouterModuleRecursionTestTests.swift; sourceTree = "<group>"; };
		488464D420035E1600F19A42 /* RouterModule.swift */ = {isa = PBXFileReference; lastKnownFileType = sourcecode.swift; path = RouterModule.swift; sourceTree = "<group>"; };
		488464D92003640200F19A42 /* RouterPath.swift */ = {isa = PBXFileReference; lastKnownFileType = sourcecode.swift; path = RouterPath.swift; sourceTree = "<group>"; };
		488464DB200364B300F19A42 /* MainRouter.swift */ = {isa = PBXFileReference; lastKnownFileType = sourcecode.swift; path = MainRouter.swift; sourceTree = "<group>"; };
		488464DE2003B93D00F19A42 /* DataTableViewController.swift */ = {isa = PBXFileReference; lastKnownFileType = sourcecode.swift; path = DataTableViewController.swift; sourceTree = "<group>"; };
		488464E02003BAD400F19A42 /* MainModuleModel.swift */ = {isa = PBXFileReference; lastKnownFileType = sourcecode.swift; path = MainModuleModel.swift; sourceTree = "<group>"; };
		488464E62003BB8400F19A42 /* MainModulePresenter.swift */ = {isa = PBXFileReference; lastKnownFileType = sourcecode.swift; path = MainModulePresenter.swift; sourceTree = "<group>"; };
		488464EB2003BD5C00F19A42 /* DataTableViewCell.swift */ = {isa = PBXFileReference; lastKnownFileType = sourcecode.swift; path = DataTableViewCell.swift; sourceTree = "<group>"; };
		488464ED2003CDF100F19A42 /* RouterMatcherLinkTest.swift */ = {isa = PBXFileReference; lastKnownFileType = sourcecode.swift; path = RouterMatcherLinkTest.swift; sourceTree = "<group>"; };
		488464EF2003D26000F19A42 /* DetailViewController.swift */ = {isa = PBXFileReference; lastKnownFileType = sourcecode.swift; path = DetailViewController.swift; sourceTree = "<group>"; };
		488464F12003E08000F19A42 /* AnotherTestModulePresenter.swift */ = {isa = PBXFileReference; lastKnownFileType = sourcecode.swift; path = AnotherTestModulePresenter.swift; sourceTree = "<group>"; };
		488464F32003E0C900F19A42 /* FirstDetailVC.swift */ = {isa = PBXFileReference; lastKnownFileType = sourcecode.swift; path = FirstDetailVC.swift; sourceTree = "<group>"; };
		488464F72003E13F00F19A42 /* SecondDetailVC.swift */ = {isa = PBXFileReference; lastKnownFileType = sourcecode.swift; path = SecondDetailVC.swift; sourceTree = "<group>"; };
		4889EE78200CA99800472616 /* RouterModulePathTestTests.swift */ = {isa = PBXFileReference; lastKnownFileType = sourcecode.swift; path = RouterModulePathTestTests.swift; sourceTree = "<group>"; };
		4893E9AF200CDBB20006354C /* RouterModuleGetMethodsTestTests.swift */ = {isa = PBXFileReference; lastKnownFileType = sourcecode.swift; path = RouterModuleGetMethodsTestTests.swift; sourceTree = "<group>"; };
		4893E9B1200CDD850006354C /* RouteNodeTestTests.swift */ = {isa = PBXFileReference; lastKnownFileType = sourcecode.swift; path = RouteNodeTestTests.swift; sourceTree = "<group>"; };
		489B472D2004AFC400650F10 /* ViewProtocols.swift */ = {isa = PBXFileReference; lastKnownFileType = sourcecode.swift; path = ViewProtocols.swift; sourceTree = "<group>"; };
		48A72E251FFF721D00D98A10 /* RouteNode.swift */ = {isa = PBXFileReference; lastKnownFileType = sourcecode.swift; path = RouteNode.swift; sourceTree = "<group>"; };
		48A72E271FFF736500D98A10 /* RouteTransitionEdge.swift */ = {isa = PBXFileReference; lastKnownFileType = sourcecode.swift; path = RouteTransitionEdge.swift; sourceTree = "<group>"; };
		48A72E291FFF73BB00D98A10 /* RouteGraph.swift */ = {isa = PBXFileReference; lastKnownFileType = sourcecode.swift; path = RouteGraph.swift; sourceTree = "<group>"; };
		48AA6F61200DF63200DE32A0 /* RouteNodeTypesTestTests.swift */ = {isa = PBXFileReference; lastKnownFileType = sourcecode.swift; path = RouteNodeTypesTestTests.swift; sourceTree = "<group>"; };
		48AA6F63200DF85000DE32A0 /* RouteGraphCompareTestTests.swift */ = {isa = PBXFileReference; lastKnownFileType = sourcecode.swift; path = RouteGraphCompareTestTests.swift; sourceTree = "<group>"; };
/* End PBXFileReference section */

/* Begin PBXFrameworksBuildPhase section */
		48523C8E1FFE477D00E9E6D7 /* Frameworks */ = {
			isa = PBXFrameworksBuildPhase;
			buildActionMask = 2147483647;
			files = (
			);
			runOnlyForDeploymentPostprocessing = 0;
		};
		48523CA21FFE477E00E9E6D7 /* Frameworks */ = {
			isa = PBXFrameworksBuildPhase;
			buildActionMask = 2147483647;
			files = (
			);
			runOnlyForDeploymentPostprocessing = 0;
		};
		48523CAD1FFE477E00E9E6D7 /* Frameworks */ = {
			isa = PBXFrameworksBuildPhase;
			buildActionMask = 2147483647;
			files = (
			);
			runOnlyForDeploymentPostprocessing = 0;
		};
/* End PBXFrameworksBuildPhase section */

/* Begin PBXGroup section */
		48073B2C1FFE67FC001A1C7D /* Router */ = {
			isa = PBXGroup;
			children = (
				4825C07E200D06AF0080A897 /* Utils */,
				4813ADDE2008ADD400934A76 /* RouterObservers */,
				48256656200609D000C4CCF8 /* DeepLinkHandler */,
				488464D7200362EA00F19A42 /* Matcher */,
				488464D320035E0D00F19A42 /* RouterModules */,
				488464D020035DCE00F19A42 /* RouterGraph */,
				4814CAB11FFE83B200FF1987 /* Graph.swift */,
				488464DB200364B300F19A42 /* MainRouter.swift */,
			);
			path = Router;
			sourceTree = "<group>";
		};
		4813ADDE2008ADD400934A76 /* RouterObservers */ = {
			isa = PBXGroup;
			children = (
				4813ADDF2008ADEA00934A76 /* RouterObserverHandler.swift */,
			);
			path = RouterObservers;
			sourceTree = "<group>";
		};
		481B02D11FFFC59A005E9C96 /* Presenter */ = {
			isa = PBXGroup;
			children = (
				485443E12007495C00E9C553 /* PresenterModulesRepository */,
				488464D620035F2500F19A42 /* ViewPresenter */,
				481B02D21FFFC5A2005E9C96 /* Presenter.swift */,
			);
			path = Presenter;
			sourceTree = "<group>";
		};
		48205361200B65C700BB1B85 /* Storyboards */ = {
			isa = PBXGroup;
			children = (
				48523C981FFE477D00E9E6D7 /* Main.storyboard */,
				4820535F200B652300BB1B85 /* Registration.storyboard */,
				48205362200B66EC00BB1B85 /* Switch.storyboard */,
				48205364200B672800BB1B85 /* Authorization.storyboard */,
				48205366200B67AD00BB1B85 /* TabBarModuleTest.storyboard */,
				48205377200B73D600BB1B85 /* PageVCModuleTest.storyboard */,
			);
			path = Storyboards;
			sourceTree = "<group>";
		};
		48205368200B67F400BB1B85 /* TabBarModule */ = {
			isa = PBXGroup;
			children = (
				4820536C200B680F00BB1B85 /* Model */,
				4820536B200B680900BB1B85 /* Interactor */,
				4820536A200B680300BB1B85 /* Presenter */,
				48205369200B67FF00BB1B85 /* View */,
			);
			path = TabBarModule;
			sourceTree = "<group>";
		};
		48205369200B67FF00BB1B85 /* View */ = {
			isa = PBXGroup;
			children = (
				4820536D200B682100BB1B85 /* TabBarViewController.swift */,
				4820536F200B688200BB1B85 /* FirstNavigationViewController.swift */,
				48205371200B68A500BB1B85 /* SecondNavigationViewController.swift */,
				48205373200B6D0E00BB1B85 /* FirstViewController.swift */,
				48205375200B6D1600BB1B85 /* SecondViewController.swift */,
			);
			path = View;
			sourceTree = "<group>";
		};
		4820536A200B680300BB1B85 /* Presenter */ = {
			isa = PBXGroup;
			children = (
			);
			path = Presenter;
			sourceTree = "<group>";
		};
		4820536B200B680900BB1B85 /* Interactor */ = {
			isa = PBXGroup;
			children = (
			);
			path = Interactor;
			sourceTree = "<group>";
		};
		4820536C200B680F00BB1B85 /* Model */ = {
			isa = PBXGroup;
			children = (
			);
			path = Model;
			sourceTree = "<group>";
		};
		48205379200B73E400BB1B85 /* PageVCModule */ = {
			isa = PBXGroup;
			children = (
				4820537D200B73FB00BB1B85 /* Presenter */,
				4820537C200B73F500BB1B85 /* Interactor */,
				4820537B200B73F000BB1B85 /* Model */,
				4820537A200B73ED00BB1B85 /* View */,
			);
			path = PageVCModule;
			sourceTree = "<group>";
		};
		4820537A200B73ED00BB1B85 /* View */ = {
			isa = PBXGroup;
			children = (
				4820537E200B741200BB1B85 /* PageViewController.swift */,
				48205380200B743F00BB1B85 /* FirstPageViewController.swift */,
				48205382200B746300BB1B85 /* SecondPageViewController.swift */,
				48205384200B746B00BB1B85 /* ThirdPageViewController.swift */,
			);
			path = View;
			sourceTree = "<group>";
		};
		4820537B200B73F000BB1B85 /* Model */ = {
			isa = PBXGroup;
			children = (
			);
			path = Model;
			sourceTree = "<group>";
		};
		4820537C200B73F500BB1B85 /* Interactor */ = {
			isa = PBXGroup;
			children = (
			);
			path = Interactor;
			sourceTree = "<group>";
		};
		4820537D200B73FB00BB1B85 /* Presenter */ = {
			isa = PBXGroup;
			children = (
			);
			path = Presenter;
			sourceTree = "<group>";
		};
		4823FE8220077B7B0031D357 /* Interactor */ = {
			isa = PBXGroup;
			children = (
				4823FE8320077B8C0031D357 /* AuthorizationModuleInteractor.swift */,
			);
			path = Interactor;
			sourceTree = "<group>";
		};
		48256656200609D000C4CCF8 /* DeepLinkHandler */ = {
			isa = PBXGroup;
			children = (
				48256657200609DA00C4CCF8 /* DeepLinkHandler.swift */,
			);
			path = DeepLinkHandler;
			sourceTree = "<group>";
		};
		4825C07E200D06AF0080A897 /* Utils */ = {
			isa = PBXGroup;
			children = (
				4825C07F200D06C30080A897 /* Utils.swift */,
			);
			path = Utils;
			sourceTree = "<group>";
		};
		4835E982200DEA9700044739 /* RouterMatcher */ = {
			isa = PBXGroup;
			children = (
				488464ED2003CDF100F19A42 /* RouterMatcherLinkTest.swift */,
				485443E42007566100E9C553 /* RouterMatcherModulesTests.swift */,
			);
			path = RouterMatcher;
			sourceTree = "<group>";
		};
		4835E983200DEAA100044739 /* DeepLinkHandler */ = {
			isa = PBXGroup;
			children = (
				48523CA91FFE477E00E9E6D7 /* DeepLinkTestTests.swift */,
			);
			path = DeepLinkHandler;
			sourceTree = "<group>";
		};
		4835E984200DEAA800044739 /* Utils */ = {
			isa = PBXGroup;
			children = (
				4825C081200D0B3D0080A897 /* UtilsTestTests.swift */,
			);
			path = Utils;
			sourceTree = "<group>";
		};
		4835E985200DEAAF00044739 /* RouterModule */ = {
			isa = PBXGroup;
			children = (
				4889EE78200CA99800472616 /* RouterModulePathTestTests.swift */,
				4893E9AF200CDBB20006354C /* RouterModuleGetMethodsTestTests.swift */,
				487A1BE1200D15FA006BC213 /* RouterModuleRecursionTestTests.swift */,
			);
			path = RouterModule;
			sourceTree = "<group>";
		};
		4835E986200DEAC000044739 /* RouterGraph */ = {
			isa = PBXGroup;
			children = (
				481B02CF1FFFB6F8005E9C96 /* RouteGraphPathTestTests.swift */,
				48AA6F63200DF85000DE32A0 /* RouteGraphCompareTestTests.swift */,
			);
			path = RouterGraph;
			sourceTree = "<group>";
		};
		4835E987200DEACC00044739 /* RouterObserverHandler */ = {
			isa = PBXGroup;
			children = (
				4813ADE12008B14700934A76 /* RouterObserverHandlerTestTests.swift */,
			);
			path = RouterObserverHandler;
			sourceTree = "<group>";
		};
		4835E988200DEAD700044739 /* RouterNode */ = {
			isa = PBXGroup;
			children = (
				4893E9B1200CDD850006354C /* RouteNodeTestTests.swift */,
				4835E989200DEB2D00044739 /* RouteNodeSameNodesAddTestTests.swift */,
				48AA6F61200DF63200DE32A0 /* RouteNodeTypesTestTests.swift */,
			);
			path = RouterNode;
			sourceTree = "<group>";
		};
		483B4A4B200E0E1000566FE3 /* PresenterTest */ = {
			isa = PBXGroup;
			children = (
				483B4A4D200E0E2E00566FE3 /* TestPresenterModuleRepository */,
				483B4A4C200E0E1800566FE3 /* TestViewPresenter */,
			);
			path = PresenterTest;
			sourceTree = "<group>";
		};
		483B4A4C200E0E1800566FE3 /* TestViewPresenter */ = {
			isa = PBXGroup;
			children = (
			);
			path = TestViewPresenter;
			sourceTree = "<group>";
		};
		483B4A4D200E0E2E00566FE3 /* TestPresenterModuleRepository */ = {
			isa = PBXGroup;
			children = (
			);
			path = TestPresenterModuleRepository;
			sourceTree = "<group>";
		};
		48523C881FFE477D00E9E6D7 = {
			isa = PBXGroup;
			children = (
				48523C931FFE477D00E9E6D7 /* DeepLinkTest */,
				48523CA81FFE477E00E9E6D7 /* DeepLinkTestTests */,
				48523CB31FFE477E00E9E6D7 /* DeepLinkTestUITests */,
				48523C921FFE477D00E9E6D7 /* Products */,
			);
			sourceTree = "<group>";
		};
		48523C921FFE477D00E9E6D7 /* Products */ = {
			isa = PBXGroup;
			children = (
				48523C911FFE477D00E9E6D7 /* DeepLinkTest.app */,
				48523CA51FFE477E00E9E6D7 /* DeepLinkTestTests.xctest */,
				48523CB01FFE477E00E9E6D7 /* DeepLinkTestUITests.xctest */,
			);
			name = Products;
			sourceTree = "<group>";
		};
		48523C931FFE477D00E9E6D7 /* DeepLinkTest */ = {
			isa = PBXGroup;
			children = (
				48205379200B73E400BB1B85 /* PageVCModule */,
				48205368200B67F400BB1B85 /* TabBarModule */,
				48205361200B65C700BB1B85 /* Storyboards */,
				486BEA27200A14AC007EED68 /* TestModule */,
				486BEA22200A145C007EED68 /* SwitchModule */,
				486BEA14200A1403007EED68 /* RegistrationModule */,
				486BEA10200A1200007EED68 /* MainModule */,
				486BEA0F200A11E7007EED68 /* AuthorizationModule */,
				481B02D11FFFC59A005E9C96 /* Presenter */,
				48073B2C1FFE67FC001A1C7D /* Router */,
				48523C941FFE477D00E9E6D7 /* AppDelegate.swift */,
				48523C9B1FFE477D00E9E6D7 /* Assets.xcassets */,
				48523C9D1FFE477D00E9E6D7 /* LaunchScreen.storyboard */,
				48523CA01FFE477D00E9E6D7 /* Info.plist */,
			);
			path = DeepLinkTest;
			sourceTree = "<group>";
		};
		48523CA81FFE477E00E9E6D7 /* DeepLinkTestTests */ = {
			isa = PBXGroup;
			children = (
				483B4A4B200E0E1000566FE3 /* PresenterTest */,
				4835E988200DEAD700044739 /* RouterNode */,
				4835E987200DEACC00044739 /* RouterObserverHandler */,
				4835E986200DEAC000044739 /* RouterGraph */,
				4835E985200DEAAF00044739 /* RouterModule */,
				4835E984200DEAA800044739 /* Utils */,
				4835E983200DEAA100044739 /* DeepLinkHandler */,
				4835E982200DEA9700044739 /* RouterMatcher */,
				48523CAB1FFE477E00E9E6D7 /* Info.plist */,
			);
			path = DeepLinkTestTests;
			sourceTree = "<group>";
		};
		48523CB31FFE477E00E9E6D7 /* DeepLinkTestUITests */ = {
			isa = PBXGroup;
			children = (
				48523CB41FFE477E00E9E6D7 /* DeepLinkTestUITests.swift */,
				48523CB61FFE477E00E9E6D7 /* Info.plist */,
			);
			path = DeepLinkTestUITests;
			sourceTree = "<group>";
		};
		485443E12007495C00E9C553 /* PresenterModulesRepository */ = {
			isa = PBXGroup;
			children = (
				485443E22007497400E9C553 /* PresenterModuleRepository.swift */,
			);
			path = PresenterModulesRepository;
			sourceTree = "<group>";
		};
		48668D83200C9D5E0099B36C /* Utils */ = {
			isa = PBXGroup;
			children = (
				48668D84200C9D7A0099B36C /* AnimationController.swift */,
			);
			path = Utils;
			sourceTree = "<group>";
		};
		486BEA0F200A11E7007EED68 /* AuthorizationModule */ = {
			isa = PBXGroup;
			children = (
				486BEA13200A13F7007EED68 /* Presenter */,
				486BEA12200A13F2007EED68 /* Model */,
				486BEA11200A121A007EED68 /* View */,
				4823FE8220077B7B0031D357 /* Interactor */,
			);
			path = AuthorizationModule;
			sourceTree = "<group>";
		};
		486BEA10200A1200007EED68 /* MainModule */ = {
			isa = PBXGroup;
			children = (
				486BEA18200A1427007EED68 /* Model */,
				486BEA17200A1422007EED68 /* Interactor */,
				486BEA16200A141E007EED68 /* Presenter */,
				486BEA15200A141B007EED68 /* View */,
			);
			path = MainModule;
			sourceTree = "<group>";
		};
		486BEA11200A121A007EED68 /* View */ = {
			isa = PBXGroup;
			children = (
				4823FE8020077AE30031D357 /* AuthorizationViewController.swift */,
			);
			path = View;
			sourceTree = "<group>";
		};
		486BEA12200A13F2007EED68 /* Model */ = {
			isa = PBXGroup;
			children = (
			);
			path = Model;
			sourceTree = "<group>";
		};
		486BEA13200A13F7007EED68 /* Presenter */ = {
			isa = PBXGroup;
			children = (
				4823FE8620077C550031D357 /* AuthorizationModulePresenter.swift */,
			);
			path = Presenter;
			sourceTree = "<group>";
		};
		486BEA14200A1403007EED68 /* RegistrationModule */ = {
			isa = PBXGroup;
			children = (
				486BEA1C200A143C007EED68 /* View */,
				486BEA1B200A1438007EED68 /* Presenter */,
				486BEA1A200A1434007EED68 /* Interactor */,
				486BEA19200A1431007EED68 /* Model */,
			);
			path = RegistrationModule;
			sourceTree = "<group>";
		};
		486BEA15200A141B007EED68 /* View */ = {
			isa = PBXGroup;
			children = (
				488464DE2003B93D00F19A42 /* DataTableViewController.swift */,
				488464EB2003BD5C00F19A42 /* DataTableViewCell.swift */,
				488464EF2003D26000F19A42 /* DetailViewController.swift */,
				482566602006268E00C4CCF8 /* DetailNavigationVC.swift */,
				482566622006276700C4CCF8 /* DataNavigationVC.swift */,
				4825666420062A1D00C4CCF8 /* SplitVCContainer.swift */,
			);
			path = View;
			sourceTree = "<group>";
		};
		486BEA16200A141E007EED68 /* Presenter */ = {
			isa = PBXGroup;
			children = (
				488464E62003BB8400F19A42 /* MainModulePresenter.swift */,
			);
			path = Presenter;
			sourceTree = "<group>";
		};
		486BEA17200A1422007EED68 /* Interactor */ = {
			isa = PBXGroup;
			children = (
				4823FE762007795B0031D357 /* MainModuleInteractor.swift */,
			);
			path = Interactor;
			sourceTree = "<group>";
		};
		486BEA18200A1427007EED68 /* Model */ = {
			isa = PBXGroup;
			children = (
				488464E02003BAD400F19A42 /* MainModuleModel.swift */,
			);
			path = Model;
			sourceTree = "<group>";
		};
		486BEA19200A1431007EED68 /* Model */ = {
			isa = PBXGroup;
			children = (
				4823FE7B20077A180031D357 /* RegistrationModuleModel.swift */,
			);
			path = Model;
			sourceTree = "<group>";
		};
		486BEA1A200A1434007EED68 /* Interactor */ = {
			isa = PBXGroup;
			children = (
				4823FE7E20077A630031D357 /* RegistrationModuleInteractor.swift */,
			);
			path = Interactor;
			sourceTree = "<group>";
		};
		486BEA1B200A1438007EED68 /* Presenter */ = {
			isa = PBXGroup;
			children = (
				4823FE72200776D10031D357 /* RegistrationModulePresenter.swift */,
				4823FE742007779F0031D357 /* RegistrationStepsPresenter.swift */,
			);
			path = Presenter;
			sourceTree = "<group>";
		};
		486BEA1C200A143C007EED68 /* View */ = {
			isa = PBXGroup;
			children = (
				48668D83200C9D5E0099B36C /* Utils */,
				4823FE64200772F20031D357 /* RegistrationFSViewController.swift */,
				4823FE66200773000031D357 /* RegistrationSSViewController.swift */,
				4823FE682007730A0031D357 /* RegistrationTSViewController.swift */,
				4823FE6A200773270031D357 /* RegistrationNavigation.swift */,
			);
			path = View;
			sourceTree = "<group>";
		};
		486BEA22200A145C007EED68 /* SwitchModule */ = {
			isa = PBXGroup;
			children = (
				486BEA26200A1475007EED68 /* View */,
				486BEA25200A1470007EED68 /* Presenter */,
				486BEA24200A146A007EED68 /* Interactor */,
				486BEA23200A1467007EED68 /* Model */,
			);
			path = SwitchModule;
			sourceTree = "<group>";
		};
		486BEA23200A1467007EED68 /* Model */ = {
			isa = PBXGroup;
			children = (
			);
			path = Model;
			sourceTree = "<group>";
		};
		486BEA24200A146A007EED68 /* Interactor */ = {
			isa = PBXGroup;
			children = (
			);
			path = Interactor;
			sourceTree = "<group>";
		};
		486BEA25200A1470007EED68 /* Presenter */ = {
			isa = PBXGroup;
			children = (
				4823FE6F200775F80031D357 /* SwitchModulePresenter.swift */,
			);
			path = Presenter;
			sourceTree = "<group>";
		};
		486BEA26200A1475007EED68 /* View */ = {
			isa = PBXGroup;
			children = (
				4823FE6C200774E10031D357 /* SwitchViewController.swift */,
			);
			path = View;
			sourceTree = "<group>";
		};
		486BEA27200A14AC007EED68 /* TestModule */ = {
			isa = PBXGroup;
			children = (
				48180FD62008DD8800214C3B /* TestModuleViewController.swift */,
				488464F32003E0C900F19A42 /* FirstDetailVC.swift */,
				488464F72003E13F00F19A42 /* SecondDetailVC.swift */,
				48180FD32008DD6900214C3B /* TestModulePresenter.swift */,
				488464F12003E08000F19A42 /* AnotherTestModulePresenter.swift */,
			);
			path = TestModule;
			sourceTree = "<group>";
		};
		488464D020035DCE00F19A42 /* RouterGraph */ = {
			isa = PBXGroup;
			children = (
				48A72E251FFF721D00D98A10 /* RouteNode.swift */,
				48A72E271FFF736500D98A10 /* RouteTransitionEdge.swift */,
				48A72E291FFF73BB00D98A10 /* RouteGraph.swift */,
			);
			path = RouterGraph;
			sourceTree = "<group>";
		};
		488464D320035E0D00F19A42 /* RouterModules */ = {
			isa = PBXGroup;
			children = (
				488464D420035E1600F19A42 /* RouterModule.swift */,
				488464D92003640200F19A42 /* RouterPath.swift */,
			);
			path = RouterModules;
			sourceTree = "<group>";
		};
		488464D620035F2500F19A42 /* ViewPresenter */ = {
			isa = PBXGroup;
			children = (
				489B472C2004AFA400650F10 /* ViewProtocols */,
				48556AE92004AAE60053AED0 /* ViewPresenterProtocol.swift */,
				48556AEB2004AB280053AED0 /* DefaultViewPresenter.swift */,
			);
			path = ViewPresenter;
			sourceTree = "<group>";
		};
		488464D7200362EA00F19A42 /* Matcher */ = {
			isa = PBXGroup;
			children = (
				48073B2D1FFE6814001A1C7D /* Matcher.swift */,
				48556AE72004A8FB0053AED0 /* MatcherResponse.swift */,
			);
			path = Matcher;
			sourceTree = "<group>";
		};
		489B472C2004AFA400650F10 /* ViewProtocols */ = {
			isa = PBXGroup;
			children = (
				489B472D2004AFC400650F10 /* ViewProtocols.swift */,
			);
			path = ViewProtocols;
			sourceTree = "<group>";
		};
/* End PBXGroup section */

/* Begin PBXNativeTarget section */
		48523C901FFE477D00E9E6D7 /* DeepLinkTest */ = {
			isa = PBXNativeTarget;
			buildConfigurationList = 48523CB91FFE477E00E9E6D7 /* Build configuration list for PBXNativeTarget "DeepLinkTest" */;
			buildPhases = (
				48523C8D1FFE477D00E9E6D7 /* Sources */,
				48523C8E1FFE477D00E9E6D7 /* Frameworks */,
				48523C8F1FFE477D00E9E6D7 /* Resources */,
			);
			buildRules = (
			);
			dependencies = (
			);
			name = DeepLinkTest;
			productName = DeepLinkTest;
			productReference = 48523C911FFE477D00E9E6D7 /* DeepLinkTest.app */;
			productType = "com.apple.product-type.application";
		};
		48523CA41FFE477E00E9E6D7 /* DeepLinkTestTests */ = {
			isa = PBXNativeTarget;
			buildConfigurationList = 48523CBC1FFE477E00E9E6D7 /* Build configuration list for PBXNativeTarget "DeepLinkTestTests" */;
			buildPhases = (
				48523CA11FFE477E00E9E6D7 /* Sources */,
				48523CA21FFE477E00E9E6D7 /* Frameworks */,
				48523CA31FFE477E00E9E6D7 /* Resources */,
			);
			buildRules = (
			);
			dependencies = (
				48523CA71FFE477E00E9E6D7 /* PBXTargetDependency */,
			);
			name = DeepLinkTestTests;
			productName = DeepLinkTestTests;
			productReference = 48523CA51FFE477E00E9E6D7 /* DeepLinkTestTests.xctest */;
			productType = "com.apple.product-type.bundle.unit-test";
		};
		48523CAF1FFE477E00E9E6D7 /* DeepLinkTestUITests */ = {
			isa = PBXNativeTarget;
			buildConfigurationList = 48523CBF1FFE477E00E9E6D7 /* Build configuration list for PBXNativeTarget "DeepLinkTestUITests" */;
			buildPhases = (
				48523CAC1FFE477E00E9E6D7 /* Sources */,
				48523CAD1FFE477E00E9E6D7 /* Frameworks */,
				48523CAE1FFE477E00E9E6D7 /* Resources */,
			);
			buildRules = (
			);
			dependencies = (
				48523CB21FFE477E00E9E6D7 /* PBXTargetDependency */,
			);
			name = DeepLinkTestUITests;
			productName = DeepLinkTestUITests;
			productReference = 48523CB01FFE477E00E9E6D7 /* DeepLinkTestUITests.xctest */;
			productType = "com.apple.product-type.bundle.ui-testing";
		};
/* End PBXNativeTarget section */

/* Begin PBXProject section */
		48523C891FFE477D00E9E6D7 /* Project object */ = {
			isa = PBXProject;
			attributes = {
				LastSwiftUpdateCheck = 0910;
				LastUpgradeCheck = 0910;
				ORGANIZATIONNAME = "Maksim Kita";
				TargetAttributes = {
					48523C901FFE477D00E9E6D7 = {
						CreatedOnToolsVersion = 9.1;
						ProvisioningStyle = Automatic;
					};
					48523CA41FFE477E00E9E6D7 = {
						CreatedOnToolsVersion = 9.1;
						ProvisioningStyle = Automatic;
						TestTargetID = 48523C901FFE477D00E9E6D7;
					};
					48523CAF1FFE477E00E9E6D7 = {
						CreatedOnToolsVersion = 9.1;
						ProvisioningStyle = Automatic;
						TestTargetID = 48523C901FFE477D00E9E6D7;
					};
				};
			};
			buildConfigurationList = 48523C8C1FFE477D00E9E6D7 /* Build configuration list for PBXProject "DeepLinkTest" */;
			compatibilityVersion = "Xcode 8.0";
			developmentRegion = en;
			hasScannedForEncodings = 0;
			knownRegions = (
				en,
				Base,
			);
			mainGroup = 48523C881FFE477D00E9E6D7;
			productRefGroup = 48523C921FFE477D00E9E6D7 /* Products */;
			projectDirPath = "";
			projectRoot = "";
			targets = (
				48523C901FFE477D00E9E6D7 /* DeepLinkTest */,
				48523CA41FFE477E00E9E6D7 /* DeepLinkTestTests */,
				48523CAF1FFE477E00E9E6D7 /* DeepLinkTestUITests */,
			);
		};
/* End PBXProject section */

/* Begin PBXResourcesBuildPhase section */
		48523C8F1FFE477D00E9E6D7 /* Resources */ = {
			isa = PBXResourcesBuildPhase;
			buildActionMask = 2147483647;
			files = (
				48205365200B672800BB1B85 /* Authorization.storyboard in Resources */,
				48205360200B652300BB1B85 /* Registration.storyboard in Resources */,
				48523C9F1FFE477D00E9E6D7 /* LaunchScreen.storyboard in Resources */,
				48523C9C1FFE477D00E9E6D7 /* Assets.xcassets in Resources */,
				48523C9A1FFE477D00E9E6D7 /* Main.storyboard in Resources */,
				48205367200B67AD00BB1B85 /* TabBarModuleTest.storyboard in Resources */,
				48205378200B73D600BB1B85 /* PageVCModuleTest.storyboard in Resources */,
				48205363200B66EC00BB1B85 /* Switch.storyboard in Resources */,
			);
			runOnlyForDeploymentPostprocessing = 0;
		};
		48523CA31FFE477E00E9E6D7 /* Resources */ = {
			isa = PBXResourcesBuildPhase;
			buildActionMask = 2147483647;
			files = (
			);
			runOnlyForDeploymentPostprocessing = 0;
		};
		48523CAE1FFE477E00E9E6D7 /* Resources */ = {
			isa = PBXResourcesBuildPhase;
			buildActionMask = 2147483647;
			files = (
			);
			runOnlyForDeploymentPostprocessing = 0;
		};
/* End PBXResourcesBuildPhase section */

/* Begin PBXSourcesBuildPhase section */
		48523C8D1FFE477D00E9E6D7 /* Sources */ = {
			isa = PBXSourcesBuildPhase;
			buildActionMask = 2147483647;
			files = (
				482566612006268E00C4CCF8 /* DetailNavigationVC.swift in Sources */,
				48256658200609DA00C4CCF8 /* DeepLinkHandler.swift in Sources */,
				4820536E200B682100BB1B85 /* TabBarViewController.swift in Sources */,
				48205383200B746300BB1B85 /* SecondPageViewController.swift in Sources */,
				48205372200B68A500BB1B85 /* SecondNavigationViewController.swift in Sources */,
				4823FE8420077B8C0031D357 /* AuthorizationModuleInteractor.swift in Sources */,
				488464F02003D26000F19A42 /* DetailViewController.swift in Sources */,
				488464F42003E0C900F19A42 /* FirstDetailVC.swift in Sources */,
				48556AE82004A8FB0053AED0 /* MatcherResponse.swift in Sources */,
				4813ADE02008ADEA00934A76 /* RouterObserverHandler.swift in Sources */,
				48A72E261FFF721D00D98A10 /* RouteNode.swift in Sources */,
				48205381200B743F00BB1B85 /* FirstPageViewController.swift in Sources */,
				488464E12003BAD400F19A42 /* MainModuleModel.swift in Sources */,
				4823FE73200776D10031D357 /* RegistrationModulePresenter.swift in Sources */,
				485443E32007497400E9C553 /* PresenterModuleRepository.swift in Sources */,
				481B02D31FFFC5A2005E9C96 /* Presenter.swift in Sources */,
				48180FD42008DD6900214C3B /* TestModulePresenter.swift in Sources */,
				4823FE8720077C550031D357 /* AuthorizationModulePresenter.swift in Sources */,
				488464DC200364B300F19A42 /* MainRouter.swift in Sources */,
				48205376200B6D1600BB1B85 /* SecondViewController.swift in Sources */,
				48556AEC2004AB280053AED0 /* DefaultViewPresenter.swift in Sources */,
				48556AEA2004AAE60053AED0 /* ViewPresenterProtocol.swift in Sources */,
				488464EC2003BD5C00F19A42 /* DataTableViewCell.swift in Sources */,
				4825666520062A1D00C4CCF8 /* SplitVCContainer.swift in Sources */,
				4820537F200B741200BB1B85 /* PageViewController.swift in Sources */,
				4823FE8120077AE30031D357 /* AuthorizationViewController.swift in Sources */,
				4823FE65200772F20031D357 /* RegistrationFSViewController.swift in Sources */,
				4823FE692007730A0031D357 /* RegistrationTSViewController.swift in Sources */,
				4823FE7C20077A180031D357 /* RegistrationModuleModel.swift in Sources */,
				4823FE6B200773270031D357 /* RegistrationNavigation.swift in Sources */,
				48668D85200C9D7A0099B36C /* AnimationController.swift in Sources */,
				4823FE67200773000031D357 /* RegistrationSSViewController.swift in Sources */,
				4823FE7F20077A630031D357 /* RegistrationModuleInteractor.swift in Sources */,
				48205385200B746B00BB1B85 /* ThirdPageViewController.swift in Sources */,
				48205370200B688200BB1B85 /* FirstNavigationViewController.swift in Sources */,
				4823FE6D200774E10031D357 /* SwitchViewController.swift in Sources */,
				4823FE752007779F0031D357 /* RegistrationStepsPresenter.swift in Sources */,
				488464F82003E13F00F19A42 /* SecondDetailVC.swift in Sources */,
				482566632006276700C4CCF8 /* DataNavigationVC.swift in Sources */,
				4814CAB21FFE83B200FF1987 /* Graph.swift in Sources */,
				4825C080200D06C30080A897 /* Utils.swift in Sources */,
				48523C951FFE477D00E9E6D7 /* AppDelegate.swift in Sources */,
				489B472E2004AFC400650F10 /* ViewProtocols.swift in Sources */,
				48A72E2A1FFF73BB00D98A10 /* RouteGraph.swift in Sources */,
				488464DF2003B93D00F19A42 /* DataTableViewController.swift in Sources */,
				488464E72003BB8400F19A42 /* MainModulePresenter.swift in Sources */,
				48A72E281FFF736500D98A10 /* RouteTransitionEdge.swift in Sources */,
				488464F22003E08000F19A42 /* AnotherTestModulePresenter.swift in Sources */,
				48180FD72008DD8800214C3B /* TestModuleViewController.swift in Sources */,
				48073B2E1FFE6814001A1C7D /* Matcher.swift in Sources */,
				48205374200B6D0E00BB1B85 /* FirstViewController.swift in Sources */,
				4823FE772007795B0031D357 /* MainModuleInteractor.swift in Sources */,
				488464D520035E1600F19A42 /* RouterModule.swift in Sources */,
				4823FE70200775F80031D357 /* SwitchModulePresenter.swift in Sources */,
				488464DA2003640200F19A42 /* RouterPath.swift in Sources */,
			);
			runOnlyForDeploymentPostprocessing = 0;
		};
		48523CA11FFE477E00E9E6D7 /* Sources */ = {
			isa = PBXSourcesBuildPhase;
			buildActionMask = 2147483647;
			files = (
				4813ADE22008B14700934A76 /* RouterObserverHandlerTestTests.swift in Sources */,
				4893E9B2200CDD850006354C /* RouteNodeTestTests.swift in Sources */,
				4825C082200D0B3D0080A897 /* UtilsTestTests.swift in Sources */,
				4889EE79200CA99800472616 /* RouterModulePathTestTests.swift in Sources */,
				481B02D01FFFB6F8005E9C96 /* RouteGraphPathTestTests.swift in Sources */,
				487A1BE2200D15FA006BC213 /* RouterModuleRecursionTestTests.swift in Sources */,
				48523CAA1FFE477E00E9E6D7 /* DeepLinkTestTests.swift in Sources */,
				4893E9B0200CDBB20006354C /* RouterModuleGetMethodsTestTests.swift in Sources */,
				488464EE2003CDF100F19A42 /* RouterMatcherLinkTest.swift in Sources */,
				48AA6F62200DF63200DE32A0 /* RouteNodeTypesTestTests.swift in Sources */,
				485443E52007566100E9C553 /* RouterMatcherModulesTests.swift in Sources */,
				48AA6F64200DF85000DE32A0 /* RouteGraphCompareTestTests.swift in Sources */,
				4835E98A200DEB2D00044739 /* RouteNodeSameNodesAddTestTests.swift in Sources */,
			);
			runOnlyForDeploymentPostprocessing = 0;
		};
		48523CAC1FFE477E00E9E6D7 /* Sources */ = {
			isa = PBXSourcesBuildPhase;
			buildActionMask = 2147483647;
			files = (
				48523CB51FFE477E00E9E6D7 /* DeepLinkTestUITests.swift in Sources */,
			);
			runOnlyForDeploymentPostprocessing = 0;
		};
/* End PBXSourcesBuildPhase section */

/* Begin PBXTargetDependency section */
		48523CA71FFE477E00E9E6D7 /* PBXTargetDependency */ = {
			isa = PBXTargetDependency;
			target = 48523C901FFE477D00E9E6D7 /* DeepLinkTest */;
			targetProxy = 48523CA61FFE477E00E9E6D7 /* PBXContainerItemProxy */;
		};
		48523CB21FFE477E00E9E6D7 /* PBXTargetDependency */ = {
			isa = PBXTargetDependency;
			target = 48523C901FFE477D00E9E6D7 /* DeepLinkTest */;
			targetProxy = 48523CB11FFE477E00E9E6D7 /* PBXContainerItemProxy */;
		};
/* End PBXTargetDependency section */

/* Begin PBXVariantGroup section */
		48523C981FFE477D00E9E6D7 /* Main.storyboard */ = {
			isa = PBXVariantGroup;
			children = (
				48523C991FFE477D00E9E6D7 /* Base */,
			);
			name = Main.storyboard;
			sourceTree = "<group>";
		};
		48523C9D1FFE477D00E9E6D7 /* LaunchScreen.storyboard */ = {
			isa = PBXVariantGroup;
			children = (
				48523C9E1FFE477D00E9E6D7 /* Base */,
			);
			name = LaunchScreen.storyboard;
			sourceTree = "<group>";
		};
/* End PBXVariantGroup section */

/* Begin XCBuildConfiguration section */
		48523CB71FFE477E00E9E6D7 /* Debug */ = {
			isa = XCBuildConfiguration;
			buildSettings = {
				ALWAYS_SEARCH_USER_PATHS = NO;
				CLANG_ANALYZER_NONNULL = YES;
				CLANG_ANALYZER_NUMBER_OBJECT_CONVERSION = YES_AGGRESSIVE;
				CLANG_CXX_LANGUAGE_STANDARD = "gnu++14";
				CLANG_CXX_LIBRARY = "libc++";
				CLANG_ENABLE_MODULES = YES;
				CLANG_ENABLE_OBJC_ARC = YES;
				CLANG_WARN_BLOCK_CAPTURE_AUTORELEASING = YES;
				CLANG_WARN_BOOL_CONVERSION = YES;
				CLANG_WARN_COMMA = YES;
				CLANG_WARN_CONSTANT_CONVERSION = YES;
				CLANG_WARN_DIRECT_OBJC_ISA_USAGE = YES_ERROR;
				CLANG_WARN_DOCUMENTATION_COMMENTS = YES;
				CLANG_WARN_EMPTY_BODY = YES;
				CLANG_WARN_ENUM_CONVERSION = YES;
				CLANG_WARN_INFINITE_RECURSION = YES;
				CLANG_WARN_INT_CONVERSION = YES;
				CLANG_WARN_NON_LITERAL_NULL_CONVERSION = YES;
				CLANG_WARN_OBJC_LITERAL_CONVERSION = YES;
				CLANG_WARN_OBJC_ROOT_CLASS = YES_ERROR;
				CLANG_WARN_RANGE_LOOP_ANALYSIS = YES;
				CLANG_WARN_STRICT_PROTOTYPES = YES;
				CLANG_WARN_SUSPICIOUS_MOVE = YES;
				CLANG_WARN_UNGUARDED_AVAILABILITY = YES_AGGRESSIVE;
				CLANG_WARN_UNREACHABLE_CODE = YES;
				CLANG_WARN__DUPLICATE_METHOD_MATCH = YES;
				CODE_SIGN_IDENTITY = "iPhone Developer";
				COPY_PHASE_STRIP = NO;
				DEBUG_INFORMATION_FORMAT = dwarf;
				ENABLE_STRICT_OBJC_MSGSEND = YES;
				ENABLE_TESTABILITY = YES;
				GCC_C_LANGUAGE_STANDARD = gnu11;
				GCC_DYNAMIC_NO_PIC = NO;
				GCC_NO_COMMON_BLOCKS = YES;
				GCC_OPTIMIZATION_LEVEL = 0;
				GCC_PREPROCESSOR_DEFINITIONS = (
					"DEBUG=1",
					"$(inherited)",
				);
				GCC_WARN_64_TO_32_BIT_CONVERSION = YES;
				GCC_WARN_ABOUT_RETURN_TYPE = YES_ERROR;
				GCC_WARN_UNDECLARED_SELECTOR = YES;
				GCC_WARN_UNINITIALIZED_AUTOS = YES_AGGRESSIVE;
				GCC_WARN_UNUSED_FUNCTION = YES;
				GCC_WARN_UNUSED_VARIABLE = YES;
				IPHONEOS_DEPLOYMENT_TARGET = 11.1;
				MTL_ENABLE_DEBUG_INFO = YES;
				ONLY_ACTIVE_ARCH = YES;
				SDKROOT = iphoneos;
				SWIFT_ACTIVE_COMPILATION_CONDITIONS = DEBUG;
				SWIFT_OPTIMIZATION_LEVEL = "-Onone";
			};
			name = Debug;
		};
		48523CB81FFE477E00E9E6D7 /* Release */ = {
			isa = XCBuildConfiguration;
			buildSettings = {
				ALWAYS_SEARCH_USER_PATHS = NO;
				CLANG_ANALYZER_NONNULL = YES;
				CLANG_ANALYZER_NUMBER_OBJECT_CONVERSION = YES_AGGRESSIVE;
				CLANG_CXX_LANGUAGE_STANDARD = "gnu++14";
				CLANG_CXX_LIBRARY = "libc++";
				CLANG_ENABLE_MODULES = YES;
				CLANG_ENABLE_OBJC_ARC = YES;
				CLANG_WARN_BLOCK_CAPTURE_AUTORELEASING = YES;
				CLANG_WARN_BOOL_CONVERSION = YES;
				CLANG_WARN_COMMA = YES;
				CLANG_WARN_CONSTANT_CONVERSION = YES;
				CLANG_WARN_DIRECT_OBJC_ISA_USAGE = YES_ERROR;
				CLANG_WARN_DOCUMENTATION_COMMENTS = YES;
				CLANG_WARN_EMPTY_BODY = YES;
				CLANG_WARN_ENUM_CONVERSION = YES;
				CLANG_WARN_INFINITE_RECURSION = YES;
				CLANG_WARN_INT_CONVERSION = YES;
				CLANG_WARN_NON_LITERAL_NULL_CONVERSION = YES;
				CLANG_WARN_OBJC_LITERAL_CONVERSION = YES;
				CLANG_WARN_OBJC_ROOT_CLASS = YES_ERROR;
				CLANG_WARN_RANGE_LOOP_ANALYSIS = YES;
				CLANG_WARN_STRICT_PROTOTYPES = YES;
				CLANG_WARN_SUSPICIOUS_MOVE = YES;
				CLANG_WARN_UNGUARDED_AVAILABILITY = YES_AGGRESSIVE;
				CLANG_WARN_UNREACHABLE_CODE = YES;
				CLANG_WARN__DUPLICATE_METHOD_MATCH = YES;
				CODE_SIGN_IDENTITY = "iPhone Developer";
				COPY_PHASE_STRIP = NO;
				DEBUG_INFORMATION_FORMAT = "dwarf-with-dsym";
				ENABLE_NS_ASSERTIONS = NO;
				ENABLE_STRICT_OBJC_MSGSEND = YES;
				GCC_C_LANGUAGE_STANDARD = gnu11;
				GCC_NO_COMMON_BLOCKS = YES;
				GCC_WARN_64_TO_32_BIT_CONVERSION = YES;
				GCC_WARN_ABOUT_RETURN_TYPE = YES_ERROR;
				GCC_WARN_UNDECLARED_SELECTOR = YES;
				GCC_WARN_UNINITIALIZED_AUTOS = YES_AGGRESSIVE;
				GCC_WARN_UNUSED_FUNCTION = YES;
				GCC_WARN_UNUSED_VARIABLE = YES;
				IPHONEOS_DEPLOYMENT_TARGET = 11.1;
				MTL_ENABLE_DEBUG_INFO = NO;
				SDKROOT = iphoneos;
				SWIFT_OPTIMIZATION_LEVEL = "-Owholemodule";
				VALIDATE_PRODUCT = YES;
			};
			name = Release;
		};
		48523CBA1FFE477E00E9E6D7 /* Debug */ = {
			isa = XCBuildConfiguration;
			buildSettings = {
				ASSETCATALOG_COMPILER_APPICON_NAME = AppIcon;
				CODE_SIGN_STYLE = Automatic;
				DEVELOPMENT_TEAM = 6FZFL3G4N7;
				INFOPLIST_FILE = DeepLinkTest/Info.plist;
				IPHONEOS_DEPLOYMENT_TARGET = 9.3;
				LD_RUNPATH_SEARCH_PATHS = "$(inherited) @executable_path/Frameworks";
				PRODUCT_BUNDLE_IDENTIFIER = "Maksim-Kita.DeepLinkTest";
				PRODUCT_NAME = "$(TARGET_NAME)";
				SWIFT_VERSION = 4.0;
				TARGETED_DEVICE_FAMILY = "1,2";
			};
			name = Debug;
		};
		48523CBB1FFE477E00E9E6D7 /* Release */ = {
			isa = XCBuildConfiguration;
			buildSettings = {
				ASSETCATALOG_COMPILER_APPICON_NAME = AppIcon;
				CODE_SIGN_STYLE = Automatic;
				DEVELOPMENT_TEAM = 6FZFL3G4N7;
				INFOPLIST_FILE = DeepLinkTest/Info.plist;
				IPHONEOS_DEPLOYMENT_TARGET = 9.3;
				LD_RUNPATH_SEARCH_PATHS = "$(inherited) @executable_path/Frameworks";
				PRODUCT_BUNDLE_IDENTIFIER = "Maksim-Kita.DeepLinkTest";
				PRODUCT_NAME = "$(TARGET_NAME)";
				SWIFT_VERSION = 4.0;
				TARGETED_DEVICE_FAMILY = "1,2";
			};
			name = Release;
		};
		48523CBD1FFE477E00E9E6D7 /* Debug */ = {
			isa = XCBuildConfiguration;
			buildSettings = {
				ALWAYS_EMBED_SWIFT_STANDARD_LIBRARIES = YES;
				BUNDLE_LOADER = "$(TEST_HOST)";
				CODE_SIGN_STYLE = Automatic;
				DEVELOPMENT_TEAM = 6FZFL3G4N7;
				INFOPLIST_FILE = DeepLinkTestTests/Info.plist;
				LD_RUNPATH_SEARCH_PATHS = "$(inherited) @executable_path/Frameworks @loader_path/Frameworks";
				PRODUCT_BUNDLE_IDENTIFIER = "Maksim-Kita.DeepLinkTestTests";
				PRODUCT_NAME = "$(TARGET_NAME)";
				SWIFT_VERSION = 4.0;
				TARGETED_DEVICE_FAMILY = "1,2";
				TEST_HOST = "$(BUILT_PRODUCTS_DIR)/DeepLinkTest.app/DeepLinkTest";
			};
			name = Debug;
		};
		48523CBE1FFE477E00E9E6D7 /* Release */ = {
			isa = XCBuildConfiguration;
			buildSettings = {
				ALWAYS_EMBED_SWIFT_STANDARD_LIBRARIES = YES;
				BUNDLE_LOADER = "$(TEST_HOST)";
				CODE_SIGN_STYLE = Automatic;
				DEVELOPMENT_TEAM = 6FZFL3G4N7;
				INFOPLIST_FILE = DeepLinkTestTests/Info.plist;
				LD_RUNPATH_SEARCH_PATHS = "$(inherited) @executable_path/Frameworks @loader_path/Frameworks";
				PRODUCT_BUNDLE_IDENTIFIER = "Maksim-Kita.DeepLinkTestTests";
				PRODUCT_NAME = "$(TARGET_NAME)";
				SWIFT_VERSION = 4.0;
				TARGETED_DEVICE_FAMILY = "1,2";
				TEST_HOST = "$(BUILT_PRODUCTS_DIR)/DeepLinkTest.app/DeepLinkTest";
			};
			name = Release;
		};
		48523CC01FFE477E00E9E6D7 /* Debug */ = {
			isa = XCBuildConfiguration;
			buildSettings = {
				ALWAYS_EMBED_SWIFT_STANDARD_LIBRARIES = YES;
				CODE_SIGN_STYLE = Automatic;
				DEVELOPMENT_TEAM = 6FZFL3G4N7;
				INFOPLIST_FILE = DeepLinkTestUITests/Info.plist;
				LD_RUNPATH_SEARCH_PATHS = "$(inherited) @executable_path/Frameworks @loader_path/Frameworks";
				PRODUCT_BUNDLE_IDENTIFIER = "Maksim-Kita.DeepLinkTestUITests";
				PRODUCT_NAME = "$(TARGET_NAME)";
				SWIFT_VERSION = 4.0;
				TARGETED_DEVICE_FAMILY = "1,2";
				TEST_TARGET_NAME = DeepLinkTest;
			};
			name = Debug;
		};
		48523CC11FFE477E00E9E6D7 /* Release */ = {
			isa = XCBuildConfiguration;
			buildSettings = {
				ALWAYS_EMBED_SWIFT_STANDARD_LIBRARIES = YES;
				CODE_SIGN_STYLE = Automatic;
				DEVELOPMENT_TEAM = 6FZFL3G4N7;
				INFOPLIST_FILE = DeepLinkTestUITests/Info.plist;
				LD_RUNPATH_SEARCH_PATHS = "$(inherited) @executable_path/Frameworks @loader_path/Frameworks";
				PRODUCT_BUNDLE_IDENTIFIER = "Maksim-Kita.DeepLinkTestUITests";
				PRODUCT_NAME = "$(TARGET_NAME)";
				SWIFT_VERSION = 4.0;
				TARGETED_DEVICE_FAMILY = "1,2";
				TEST_TARGET_NAME = DeepLinkTest;
			};
			name = Release;
		};
/* End XCBuildConfiguration section */

/* Begin XCConfigurationList section */
		48523C8C1FFE477D00E9E6D7 /* Build configuration list for PBXProject "DeepLinkTest" */ = {
			isa = XCConfigurationList;
			buildConfigurations = (
				48523CB71FFE477E00E9E6D7 /* Debug */,
				48523CB81FFE477E00E9E6D7 /* Release */,
			);
			defaultConfigurationIsVisible = 0;
			defaultConfigurationName = Release;
		};
		48523CB91FFE477E00E9E6D7 /* Build configuration list for PBXNativeTarget "DeepLinkTest" */ = {
			isa = XCConfigurationList;
			buildConfigurations = (
				48523CBA1FFE477E00E9E6D7 /* Debug */,
				48523CBB1FFE477E00E9E6D7 /* Release */,
			);
			defaultConfigurationIsVisible = 0;
			defaultConfigurationName = Release;
		};
		48523CBC1FFE477E00E9E6D7 /* Build configuration list for PBXNativeTarget "DeepLinkTestTests" */ = {
			isa = XCConfigurationList;
			buildConfigurations = (
				48523CBD1FFE477E00E9E6D7 /* Debug */,
				48523CBE1FFE477E00E9E6D7 /* Release */,
			);
			defaultConfigurationIsVisible = 0;
			defaultConfigurationName = Release;
		};
		48523CBF1FFE477E00E9E6D7 /* Build configuration list for PBXNativeTarget "DeepLinkTestUITests" */ = {
			isa = XCConfigurationList;
			buildConfigurations = (
				48523CC01FFE477E00E9E6D7 /* Debug */,
				48523CC11FFE477E00E9E6D7 /* Release */,
			);
			defaultConfigurationIsVisible = 0;
			defaultConfigurationName = Release;
		};
/* End XCConfigurationList section */
	};
	rootObject = 48523C891FFE477D00E9E6D7 /* Project object */;
}
